
Microsoft Visual Studio Solution File, Format Version 12.00
# Visual Studio Version 17
VisualStudioVersion = 17.14.36310.24
MinimumVisualStudioVersion = 10.0.40219.1
Project("{2150E333-8FDC-42A3-9474-1A3956D46DE8}") = "IntegrationTests", "IntegrationTests", "{02EA681E-C7D8-13C7-8484-4AC65E1B71E8}"
EndProject
Project("{2150E333-8FDC-42A3-9474-1A3956D46DE8}") = "UnitTests", "UnitTests", "{D8475FB6-8FFD-4252-BF79-1BC0AF31A524}"
EndProject
Project("{FAE04EC0-301F-11D3-BF4B-00C04F79EFBC}") = "ThunderbirdsBoardGameEngine.Serialization", "ThunderbirdsBoardGameEngine.Serialization\ThunderbirdsBoardGameEngine.Serialization.csproj", "{3B7EAE55-D91F-4317-8DFA-583F8208AA59}"
EndProject
Project("{FAE04EC0-301F-11D3-BF4B-00C04F79EFBC}") = "ThunderbirdsBoardGameEngine.Serialization.UnitTests", "ThunderbirdsBoardGameEngine.Serialization.UnitTests\ThunderbirdsBoardGameEngine.Serialization.UnitTests.csproj", "{9DE916CC-8E85-41B8-91BD-83739C65DAB4}"
EndProject
Project("{FAE04EC0-301F-11D3-BF4B-00C04F79EFBC}") = "ThunderbirdsBoardGameEngine.TestUtils", "ThunderbirdsBoardGameEngine.TestUtils\ThunderbirdsBoardGameEngine.TestUtils.csproj", "{FAC8733C-43C8-4D28-B292-E447F20BCF2D}"
EndProject
Project("{E53339B2-1760-4266-BCC7-CA923CBCF16C}") = "docker-compose", "Docker\docker-compose.dcproj", "{81DDED9D-158B-E303-5F62-77A2896D2A5A}"
EndProject
Project("{2150E333-8FDC-42A3-9474-1A3956D46DE8}") = "TestData", "TestData", "{A22F695E-1370-454C-B2B6-C3320CFAB8DD}"
EndProject
Project("{2150E333-8FDC-42A3-9474-1A3956D46DE8}") = "Expected", "Expected", "{58A31C2B-4B87-4916-9BA3-C812C5FF8354}"
	ProjectSection(SolutionItems) = preProject
		TestData\Expected\disaster-card-dtos.json = TestData\Expected\disaster-card-dtos.json
	EndProjectSection
EndProject
Project("{2150E333-8FDC-42A3-9474-1A3956D46DE8}") = "Input", "Input", "{07AD74EA-634C-4AF0-87A3-93076D26D76A}"
	ProjectSection(SolutionItems) = preProject
		TestData\Input\disaster-cards-test.json = TestData\Input\disaster-cards-test.json
		TestData\Input\disaster-cards.json = TestData\Input\disaster-cards.json
		TestData\Input\invalid-disaster-cards.json = TestData\Input\invalid-disaster-cards.json
		TestData\Input\invalid-json.json = TestData\Input\invalid-json.json
	EndProjectSection
EndProject
Project("{2150E333-8FDC-42A3-9474-1A3956D46DE8}") = "Tests", "Tests", "{C005E618-80C1-4CCD-9774-336D558E958F}"
EndProject
Project("{FAE04EC0-301F-11D3-BF4B-00C04F79EFBC}") = "ThunderbirdsBoardGameEngine.UI", "ThunderbirdsBoardGameEngine.UI\ThunderbirdsBoardGameEngine.UI.csproj", "{7D6037AF-6A22-4E9F-938A-F3D26B82F178}"
EndProject
Project("{FAE04EC0-301F-11D3-BF4B-00C04F79EFBC}") = "ThunderbirdsBoardGameEngine.UI.UnitTests", "ThunderbirdsBoardGameEngine.UI.UnitTests\ThunderbirdsBoardGameEngine.UI.UnitTests.csproj", "{77BBC935-7543-4ABC-9F2A-4F720812DC93}"
EndProject
Project("{2150E333-8FDC-42A3-9474-1A3956D46DE8}") = "Support", "Support", "{FC7280B4-F6FF-4E00-B8C0-6C5F6FA6219C}"
EndProject
Project("{2150E333-8FDC-42A3-9474-1A3956D46DE8}") = "ComponentTests", "ComponentTests", "{987A2C73-51DA-4FCE-AEF0-DFB7C4B23F2E}"
EndProject
Project("{2150E333-8FDC-42A3-9474-1A3956D46DE8}") = "V1", "V1", "{98C81E9B-2BA9-4CA2-A8A7-DD6E30CD3E8E}"
	ProjectSection(SolutionItems) = preProject
		TestData\Input\V1\disaster-card-dto-data.json = TestData\Input\V1\disaster-card-dto-data.json
	EndProjectSection
EndProject
Project("{FAE04EC0-301F-11D3-BF4B-00C04F79EFBC}") = "ThunderbirdsBoardGameEngine.GameData.Api", "ThunderbirdsBoardGameEngine.GameData.Api\ThunderbirdsBoardGameEngine.GameData.Api.csproj", "{94698AE6-4BB7-0952-9474-6E32F2036E6A}"
EndProject
Project("{FAE04EC0-301F-11D3-BF4B-00C04F79EFBC}") = "ThunderbirdsBoardGameEngine.GameData.Api.UnitTests", "ThunderbirdsBoardGameEngine.GameData.Api.UnitTests\ThunderbirdsBoardGameEngine.GameData.Api.UnitTests.csproj", "{6E37DCB3-9839-1140-D1D3-C41270780329}"
EndProject
Project("{FAE04EC0-301F-11D3-BF4B-00C04F79EFBC}") = "ThunderbirdsBoardGameEngine.GameData.Api.IntegrationTests", "ThunderbirdsBoardGameEngine.GameData.Api.IntegrationTests\ThunderbirdsBoardGameEngine.GameData.Api.IntegrationTests.csproj", "{AD15AD5D-B7AC-3E52-7872-A548585847C3}"
EndProject
Project("{FAE04EC0-301F-11D3-BF4B-00C04F79EFBC}") = "ThunderbirdsBoardGameEngine.Catalog.WireMock.ComponentTests", "ThunderbirdsBoardGameEngine.Catalog.WireMock.ComponentTests\ThunderbirdsBoardGameEngine.Catalog.WireMock.ComponentTests.csproj", "{92778ED2-185F-A6CA-477D-A3D1DD945FF9}"
EndProject
Project("{FAE04EC0-301F-11D3-BF4B-00C04F79EFBC}") = "ThunderbirdsBoardGameEngine.Catalog.Client.IntegrationTests", "ThunderbirdsBoardGameEngine.Catalog.Client.IntegrationTests\ThunderbirdsBoardGameEngine.Catalog.Client.IntegrationTests.csproj", "{3FD96C8D-8942-2BBB-B6ED-4103BC1D559F}"
EndProject
Project("{FAE04EC0-301F-11D3-BF4B-00C04F79EFBC}") = "ThunderbirdsBoardGameEngine.Catalog.Infrastructure.IntegrationTests", "ThunderbirdsBoardGameEngine.Catalog.Infrastructure.IntegrationTests\ThunderbirdsBoardGameEngine.Catalog.Infrastructure.IntegrationTests.csproj", "{DAE84B29-ADE3-9DEB-9484-2051A5595EFE}"
EndProject
Project("{FAE04EC0-301F-11D3-BF4B-00C04F79EFBC}") = "ThunderbirdsBoardGameEngine.Catalog.Application.UnitTests", "ThunderbirdsBoardGameEngine.Catalog.Application.UnitTests\ThunderbirdsBoardGameEngine.Catalog.Application.UnitTests.csproj", "{4ADC3D54-7F83-9CCE-BDCE-9AB31F00D268}"
EndProject
Project("{FAE04EC0-301F-11D3-BF4B-00C04F79EFBC}") = "ThunderbirdsBoardGameEngine.Catalog.Client.UnitTests", "ThunderbirdsBoardGameEngine.Catalog.Client.UnitTests\ThunderbirdsBoardGameEngine.Catalog.Client.UnitTests.csproj", "{5DA614F9-2BF3-4F40-C45A-0BE3EF74EF16}"
EndProject
Project("{FAE04EC0-301F-11D3-BF4B-00C04F79EFBC}") = "ThunderbirdsBoardGameEngine.Catalog.Domain.UnitTests", "ThunderbirdsBoardGameEngine.Catalog.Domain.UnitTests\ThunderbirdsBoardGameEngine.Catalog.Domain.UnitTests.csproj", "{DE346F35-3F70-A2D2-D831-9E520717CB18}"
EndProject
Project("{FAE04EC0-301F-11D3-BF4B-00C04F79EFBC}") = "ThunderbirdsBoardGameEngine.Catalog.Application", "ThunderbirdsBoardGameEngine.Catalog.Application\ThunderbirdsBoardGameEngine.Catalog.Application.csproj", "{3A3817A2-9DDC-8461-798F-6A6CAFA30D49}"
EndProject
Project("{FAE04EC0-301F-11D3-BF4B-00C04F79EFBC}") = "ThunderbirdsBoardGameEngine.Catalog.Client", "ThunderbirdsBoardGameEngine.Catalog.Client\ThunderbirdsBoardGameEngine.Catalog.Client.csproj", "{FC4EF946-0BDC-652A-ED7A-4CECA68328DB}"
EndProject
Project("{FAE04EC0-301F-11D3-BF4B-00C04F79EFBC}") = "ThunderbirdsBoardGameEngine.Catalog.Contracts", "ThunderbirdsBoardGameEngine.Catalog.Contracts\ThunderbirdsBoardGameEngine.Catalog.Contracts.csproj", "{AA466BBD-1DB5-1A97-2E96-9A815351B21A}"
EndProject
Project("{FAE04EC0-301F-11D3-BF4B-00C04F79EFBC}") = "ThunderbirdsBoardGameEngine.Catalog.Domain", "ThunderbirdsBoardGameEngine.Catalog.Domain\ThunderbirdsBoardGameEngine.Catalog.Domain.csproj", "{A036A9A6-CB53-325E-D96A-1FA7BD786BE2}"
EndProject
Project("{FAE04EC0-301F-11D3-BF4B-00C04F79EFBC}") = "ThunderbirdsBoardGameEngine.Catalog.Infrastructure", "ThunderbirdsBoardGameEngine.Catalog.Infrastructure\ThunderbirdsBoardGameEngine.Catalog.Infrastructure.csproj", "{D1D5D711-33D1-E230-E642-996D647ED8BF}"
EndProject
Project("{FAE04EC0-301F-11D3-BF4B-00C04F79EFBC}") = "ThunderbirdsBoardGameEngine.Catalog.WireMock", "ThunderbirdsBoardGameEngine.Catalog.WireMock\ThunderbirdsBoardGameEngine.Catalog.WireMock.csproj", "{420FC609-355A-175D-41E7-5C3B53CD67F2}"
EndProject
Global
	GlobalSection(SolutionConfigurationPlatforms) = preSolution
		Debug|Any CPU = Debug|Any CPU
		Release|Any CPU = Release|Any CPU
	EndGlobalSection
	GlobalSection(ProjectConfigurationPlatforms) = postSolution
		{3B7EAE55-D91F-4317-8DFA-583F8208AA59}.Debug|Any CPU.ActiveCfg = Debug|Any CPU
		{3B7EAE55-D91F-4317-8DFA-583F8208AA59}.Debug|Any CPU.Build.0 = Debug|Any CPU
		{3B7EAE55-D91F-4317-8DFA-583F8208AA59}.Release|Any CPU.ActiveCfg = Release|Any CPU
		{3B7EAE55-D91F-4317-8DFA-583F8208AA59}.Release|Any CPU.Build.0 = Release|Any CPU
		{9DE916CC-8E85-41B8-91BD-83739C65DAB4}.Debug|Any CPU.ActiveCfg = Debug|Any CPU
		{9DE916CC-8E85-41B8-91BD-83739C65DAB4}.Debug|Any CPU.Build.0 = Debug|Any CPU
		{9DE916CC-8E85-41B8-91BD-83739C65DAB4}.Release|Any CPU.ActiveCfg = Release|Any CPU
		{9DE916CC-8E85-41B8-91BD-83739C65DAB4}.Release|Any CPU.Build.0 = Release|Any CPU
		{FAC8733C-43C8-4D28-B292-E447F20BCF2D}.Debug|Any CPU.ActiveCfg = Debug|Any CPU
		{FAC8733C-43C8-4D28-B292-E447F20BCF2D}.Debug|Any CPU.Build.0 = Debug|Any CPU
		{FAC8733C-43C8-4D28-B292-E447F20BCF2D}.Release|Any CPU.ActiveCfg = Release|Any CPU
		{FAC8733C-43C8-4D28-B292-E447F20BCF2D}.Release|Any CPU.Build.0 = Release|Any CPU
		{81DDED9D-158B-E303-5F62-77A2896D2A5A}.Debug|Any CPU.ActiveCfg = Debug|Any CPU
		{81DDED9D-158B-E303-5F62-77A2896D2A5A}.Debug|Any CPU.Build.0 = Debug|Any CPU
		{81DDED9D-158B-E303-5F62-77A2896D2A5A}.Release|Any CPU.ActiveCfg = Release|Any CPU
		{81DDED9D-158B-E303-5F62-77A2896D2A5A}.Release|Any CPU.Build.0 = Release|Any CPU
		{7D6037AF-6A22-4E9F-938A-F3D26B82F178}.Debug|Any CPU.ActiveCfg = Debug|Any CPU
		{7D6037AF-6A22-4E9F-938A-F3D26B82F178}.Debug|Any CPU.Build.0 = Debug|Any CPU
		{7D6037AF-6A22-4E9F-938A-F3D26B82F178}.Release|Any CPU.ActiveCfg = Release|Any CPU
		{7D6037AF-6A22-4E9F-938A-F3D26B82F178}.Release|Any CPU.Build.0 = Release|Any CPU
		{77BBC935-7543-4ABC-9F2A-4F720812DC93}.Debug|Any CPU.ActiveCfg = Debug|Any CPU
		{77BBC935-7543-4ABC-9F2A-4F720812DC93}.Debug|Any CPU.Build.0 = Debug|Any CPU
		{77BBC935-7543-4ABC-9F2A-4F720812DC93}.Release|Any CPU.ActiveCfg = Release|Any CPU
		{77BBC935-7543-4ABC-9F2A-4F720812DC93}.Release|Any CPU.Build.0 = Release|Any CPU
		{94698AE6-4BB7-0952-9474-6E32F2036E6A}.Debug|Any CPU.ActiveCfg = Debug|Any CPU
		{94698AE6-4BB7-0952-9474-6E32F2036E6A}.Debug|Any CPU.Build.0 = Debug|Any CPU
		{94698AE6-4BB7-0952-9474-6E32F2036E6A}.Release|Any CPU.ActiveCfg = Release|Any CPU
		{94698AE6-4BB7-0952-9474-6E32F2036E6A}.Release|Any CPU.Build.0 = Release|Any CPU
		{6E37DCB3-9839-1140-D1D3-C41270780329}.Debug|Any CPU.ActiveCfg = Debug|Any CPU
		{6E37DCB3-9839-1140-D1D3-C41270780329}.Debug|Any CPU.Build.0 = Debug|Any CPU
		{6E37DCB3-9839-1140-D1D3-C41270780329}.Release|Any CPU.ActiveCfg = Release|Any CPU
		{6E37DCB3-9839-1140-D1D3-C41270780329}.Release|Any CPU.Build.0 = Release|Any CPU
		{AD15AD5D-B7AC-3E52-7872-A548585847C3}.Debug|Any CPU.ActiveCfg = Debug|Any CPU
		{AD15AD5D-B7AC-3E52-7872-A548585847C3}.Debug|Any CPU.Build.0 = Debug|Any CPU
		{AD15AD5D-B7AC-3E52-7872-A548585847C3}.Release|Any CPU.ActiveCfg = Release|Any CPU
		{AD15AD5D-B7AC-3E52-7872-A548585847C3}.Release|Any CPU.Build.0 = Release|Any CPU
		{92778ED2-185F-A6CA-477D-A3D1DD945FF9}.Debug|Any CPU.ActiveCfg = Debug|Any CPU
		{92778ED2-185F-A6CA-477D-A3D1DD945FF9}.Debug|Any CPU.Build.0 = Debug|Any CPU
		{92778ED2-185F-A6CA-477D-A3D1DD945FF9}.Release|Any CPU.ActiveCfg = Release|Any CPU
		{92778ED2-185F-A6CA-477D-A3D1DD945FF9}.Release|Any CPU.Build.0 = Release|Any CPU
		{3FD96C8D-8942-2BBB-B6ED-4103BC1D559F}.Debug|Any CPU.ActiveCfg = Debug|Any CPU
		{3FD96C8D-8942-2BBB-B6ED-4103BC1D559F}.Debug|Any CPU.Build.0 = Debug|Any CPU
		{3FD96C8D-8942-2BBB-B6ED-4103BC1D559F}.Release|Any CPU.ActiveCfg = Release|Any CPU
		{3FD96C8D-8942-2BBB-B6ED-4103BC1D559F}.Release|Any CPU.Build.0 = Release|Any CPU
		{DAE84B29-ADE3-9DEB-9484-2051A5595EFE}.Debug|Any CPU.ActiveCfg = Debug|Any CPU
		{DAE84B29-ADE3-9DEB-9484-2051A5595EFE}.Debug|Any CPU.Build.0 = Debug|Any CPU
		{DAE84B29-ADE3-9DEB-9484-2051A5595EFE}.Release|Any CPU.ActiveCfg = Release|Any CPU
		{DAE84B29-ADE3-9DEB-9484-2051A5595EFE}.Release|Any CPU.Build.0 = Release|Any CPU
		{4ADC3D54-7F83-9CCE-BDCE-9AB31F00D268}.Debug|Any CPU.ActiveCfg = Debug|Any CPU
		{4ADC3D54-7F83-9CCE-BDCE-9AB31F00D268}.Debug|Any CPU.Build.0 = Debug|Any CPU
		{4ADC3D54-7F83-9CCE-BDCE-9AB31F00D268}.Release|Any CPU.ActiveCfg = Release|Any CPU
		{4ADC3D54-7F83-9CCE-BDCE-9AB31F00D268}.Release|Any CPU.Build.0 = Release|Any CPU
		{5DA614F9-2BF3-4F40-C45A-0BE3EF74EF16}.Debug|Any CPU.ActiveCfg = Debug|Any CPU
		{5DA614F9-2BF3-4F40-C45A-0BE3EF74EF16}.Debug|Any CPU.Build.0 = Debug|Any CPU
		{5DA614F9-2BF3-4F40-C45A-0BE3EF74EF16}.Release|Any CPU.ActiveCfg = Release|Any CPU
		{5DA614F9-2BF3-4F40-C45A-0BE3EF74EF16}.Release|Any CPU.Build.0 = Release|Any CPU
		{DE346F35-3F70-A2D2-D831-9E520717CB18}.Debug|Any CPU.ActiveCfg = Debug|Any CPU
		{DE346F35-3F70-A2D2-D831-9E520717CB18}.Debug|Any CPU.Build.0 = Debug|Any CPU
		{DE346F35-3F70-A2D2-D831-9E520717CB18}.Release|Any CPU.ActiveCfg = Release|Any CPU
		{DE346F35-3F70-A2D2-D831-9E520717CB18}.Release|Any CPU.Build.0 = Release|Any CPU
		{3A3817A2-9DDC-8461-798F-6A6CAFA30D49}.Debug|Any CPU.ActiveCfg = Debug|Any CPU
		{3A3817A2-9DDC-8461-798F-6A6CAFA30D49}.Debug|Any CPU.Build.0 = Debug|Any CPU
		{3A3817A2-9DDC-8461-798F-6A6CAFA30D49}.Release|Any CPU.ActiveCfg = Release|Any CPU
		{3A3817A2-9DDC-8461-798F-6A6CAFA30D49}.Release|Any CPU.Build.0 = Release|Any CPU
		{FC4EF946-0BDC-652A-ED7A-4CECA68328DB}.Debug|Any CPU.ActiveCfg = Debug|Any CPU
		{FC4EF946-0BDC-652A-ED7A-4CECA68328DB}.Debug|Any CPU.Build.0 = Debug|Any CPU
		{FC4EF946-0BDC-652A-ED7A-4CECA68328DB}.Release|Any CPU.ActiveCfg = Release|Any CPU
		{FC4EF946-0BDC-652A-ED7A-4CECA68328DB}.Release|Any CPU.Build.0 = Release|Any CPU
		{AA466BBD-1DB5-1A97-2E96-9A815351B21A}.Debug|Any CPU.ActiveCfg = Debug|Any CPU
		{AA466BBD-1DB5-1A97-2E96-9A815351B21A}.Debug|Any CPU.Build.0 = Debug|Any CPU
		{AA466BBD-1DB5-1A97-2E96-9A815351B21A}.Release|Any CPU.ActiveCfg = Release|Any CPU
		{AA466BBD-1DB5-1A97-2E96-9A815351B21A}.Release|Any CPU.Build.0 = Release|Any CPU
		{A036A9A6-CB53-325E-D96A-1FA7BD786BE2}.Debug|Any CPU.ActiveCfg = Debug|Any CPU
		{A036A9A6-CB53-325E-D96A-1FA7BD786BE2}.Debug|Any CPU.Build.0 = Debug|Any CPU
		{A036A9A6-CB53-325E-D96A-1FA7BD786BE2}.Release|Any CPU.ActiveCfg = Release|Any CPU
		{A036A9A6-CB53-325E-D96A-1FA7BD786BE2}.Release|Any CPU.Build.0 = Release|Any CPU
		{D1D5D711-33D1-E230-E642-996D647ED8BF}.Debug|Any CPU.ActiveCfg = Debug|Any CPU
		{D1D5D711-33D1-E230-E642-996D647ED8BF}.Debug|Any CPU.Build.0 = Debug|Any CPU
		{D1D5D711-33D1-E230-E642-996D647ED8BF}.Release|Any CPU.ActiveCfg = Release|Any CPU
		{D1D5D711-33D1-E230-E642-996D647ED8BF}.Release|Any CPU.Build.0 = Release|Any CPU
		{420FC609-355A-175D-41E7-5C3B53CD67F2}.Debug|Any CPU.ActiveCfg = Debug|Any CPU
		{420FC609-355A-175D-41E7-5C3B53CD67F2}.Debug|Any CPU.Build.0 = Debug|Any CPU
		{420FC609-355A-175D-41E7-5C3B53CD67F2}.Release|Any CPU.ActiveCfg = Release|Any CPU
		{420FC609-355A-175D-41E7-5C3B53CD67F2}.Release|Any CPU.Build.0 = Release|Any CPU
	EndGlobalSection
	GlobalSection(SolutionProperties) = preSolution
		HideSolutionNode = FALSE
	EndGlobalSection
	GlobalSection(NestedProjects) = preSolution
		{02EA681E-C7D8-13C7-8484-4AC65E1B71E8} = {C005E618-80C1-4CCD-9774-336D558E958F}
		{D8475FB6-8FFD-4252-BF79-1BC0AF31A524} = {C005E618-80C1-4CCD-9774-336D558E958F}
		{9DE916CC-8E85-41B8-91BD-83739C65DAB4} = {D8475FB6-8FFD-4252-BF79-1BC0AF31A524}
		{FAC8733C-43C8-4D28-B292-E447F20BCF2D} = {C005E618-80C1-4CCD-9774-336D558E958F}
		{A22F695E-1370-454C-B2B6-C3320CFAB8DD} = {C005E618-80C1-4CCD-9774-336D558E958F}
		{58A31C2B-4B87-4916-9BA3-C812C5FF8354} = {A22F695E-1370-454C-B2B6-C3320CFAB8DD}
		{07AD74EA-634C-4AF0-87A3-93076D26D76A} = {A22F695E-1370-454C-B2B6-C3320CFAB8DD}
		{77BBC935-7543-4ABC-9F2A-4F720812DC93} = {D8475FB6-8FFD-4252-BF79-1BC0AF31A524}
		{987A2C73-51DA-4FCE-AEF0-DFB7C4B23F2E} = {C005E618-80C1-4CCD-9774-336D558E958F}
		{98C81E9B-2BA9-4CA2-A8A7-DD6E30CD3E8E} = {07AD74EA-634C-4AF0-87A3-93076D26D76A}
		{6E37DCB3-9839-1140-D1D3-C41270780329} = {D8475FB6-8FFD-4252-BF79-1BC0AF31A524}
		{AD15AD5D-B7AC-3E52-7872-A548585847C3} = {02EA681E-C7D8-13C7-8484-4AC65E1B71E8}
		{92778ED2-185F-A6CA-477D-A3D1DD945FF9} = {987A2C73-51DA-4FCE-AEF0-DFB7C4B23F2E}
		{3FD96C8D-8942-2BBB-B6ED-4103BC1D559F} = {02EA681E-C7D8-13C7-8484-4AC65E1B71E8}
		{DAE84B29-ADE3-9DEB-9484-2051A5595EFE} = {02EA681E-C7D8-13C7-8484-4AC65E1B71E8}
		{4ADC3D54-7F83-9CCE-BDCE-9AB31F00D268} = {D8475FB6-8FFD-4252-BF79-1BC0AF31A524}
		{5DA614F9-2BF3-4F40-C45A-0BE3EF74EF16} = {D8475FB6-8FFD-4252-BF79-1BC0AF31A524}
		{DE346F35-3F70-A2D2-D831-9E520717CB18} = {D8475FB6-8FFD-4252-BF79-1BC0AF31A524}
		{420FC609-355A-175D-41E7-5C3B53CD67F2} = {FC7280B4-F6FF-4E00-B8C0-6C5F6FA6219C}
	EndGlobalSection
	GlobalSection(ExtensibilityGlobals) = postSolution
		SolutionGuid = {92EB50C5-075F-4AF3-8107-0DC9EDBBAB83}
	EndGlobalSection
EndGlobal
