
Microsoft Visual Studio Solution File, Format Version 12.00
# Visual Studio Version 17
VisualStudioVersion = 17.14.36310.24
MinimumVisualStudioVersion = 10.0.40219.1
Project("{FAE04EC0-301F-11D3-BF4B-00C04F79EFBC}") = "ThunderbirdsBoardGameEngine.GameData.Api", "ThunderbirdsBoardGameEngine.GameData.Api\ThunderbirdsBoardGameEngine.GameData.Api.csproj", "{A76FE72B-9451-4690-9D4A-705530521107}"
EndProject
Project("{2150E333-8FDC-42A3-9474-1A3956D46DE8}") = "IntegrationTests", "IntegrationTests", "{02EA681E-C7D8-13C7-8484-4AC65E1B71E8}"
EndProject
Project("{2150E333-8FDC-42A3-9474-1A3956D46DE8}") = "UnitTests", "UnitTests", "{D8475FB6-8FFD-4252-BF79-1BC0AF31A524}"
EndProject
Project("{FAE04EC0-301F-11D3-BF4B-00C04F79EFBC}") = "ThunderbirdsBoardGameEngine.GameData.Api.UnitTests", "ThunderbirdsBoardGameEngine.GameData.Api.UnitTests\ThunderbirdsBoardGameEngine.GameData.Api.UnitTests.csproj", "{F77F2925-BCBF-4AE2-8370-882CD12546C0}"
EndProject
Project("{FAE04EC0-301F-11D3-BF4B-00C04F79EFBC}") = "ThunderbirdsBoardGameEngine.GameData.Api.Messages", "ThunderbirdsBoardGameEngine.GameData.Api.Messages\ThunderbirdsBoardGameEngine.GameData.Api.Messages.csproj", "{27F9FC62-87EE-4854-B27B-61CABF2CAC22}"
EndProject
Project("{FAE04EC0-301F-11D3-BF4B-00C04F79EFBC}") = "ThunderbirdsBoardGameEngine.Serialization", "ThunderbirdsBoardGameEngine.Serialization\ThunderbirdsBoardGameEngine.Serialization.csproj", "{3B7EAE55-D91F-4317-8DFA-583F8208AA59}"
EndProject
Project("{FAE04EC0-301F-11D3-BF4B-00C04F79EFBC}") = "ThunderbirdsBoardGameEngine.Serialization.UnitTests", "ThunderbirdsBoardGameEngine.Serialization.UnitTests\ThunderbirdsBoardGameEngine.Serialization.UnitTests.csproj", "{9DE916CC-8E85-41B8-91BD-83739C65DAB4}"
EndProject
Project("{FAE04EC0-301F-11D3-BF4B-00C04F79EFBC}") = "ThunderbirdsBoardGameEngine.GameData.Api.IntegrationTests", "ThunderbirdsBoardGameEngine.GameData.Api.IntegrationTests\ThunderbirdsBoardGameEngine.GameData.Api.IntegrationTests.csproj", "{55BCE1CE-58B9-40AA-A8A0-287FAB2AEAA8}"
EndProject
Project("{FAE04EC0-301F-11D3-BF4B-00C04F79EFBC}") = "ThunderbirdsBoardGameEngine.GameData.Api.Client", "ThunderbirdsBoardGameEngine.GameData.Api.Client\ThunderbirdsBoardGameEngine.GameData.Api.Client.csproj", "{52E664DF-68E8-4FD7-87D3-129B0D63B7AF}"
EndProject
Project("{FAE04EC0-301F-11D3-BF4B-00C04F79EFBC}") = "ThunderbirdsBoardGameEngine.GameData.Api.Client.UnitTests", "ThunderbirdsBoardGameEngine.GameData.Api.Client.UnitTests\ThunderbirdsBoardGameEngine.GameData.Api.Client.UnitTests.csproj", "{F69C7496-B37E-4416-81D9-40DFBEA4DD48}"
EndProject
Project("{FAE04EC0-301F-11D3-BF4B-00C04F79EFBC}") = "ThunderbirdsBoardGameEngine.GameData.Domain", "ThunderbirdsBoardGameEngine.GameData.Domain\ThunderbirdsBoardGameEngine.GameData.Domain.csproj", "{9A41E0B8-7503-4B72-BF89-D15C633BBD9C}"
EndProject
Project("{FAE04EC0-301F-11D3-BF4B-00C04F79EFBC}") = "ThunderbirdsBoardGameEngine.TestUtils", "ThunderbirdsBoardGameEngine.TestUtils\ThunderbirdsBoardGameEngine.TestUtils.csproj", "{FAC8733C-43C8-4D28-B292-E447F20BCF2D}"
EndProject
Project("{FAE04EC0-301F-11D3-BF4B-00C04F79EFBC}") = "ThunderbirdsBoardGameEngine.GameData.Domain.UnitTests", "ThunderbirdsBoardGameEngine.GameData.Domain.UnitTests\ThunderbirdsBoardGameEngine.GameData.Domain.UnitTests.csproj", "{559E152C-F960-410C-96A5-9A01BC411A24}"
EndProject
Project("{FAE04EC0-301F-11D3-BF4B-00C04F79EFBC}") = "ThunderbirdsBoardGameEngine.GameData.Api.Client.IntegrationTests", "ThunderbirdsBoardGameEngine.GameData.Api.Client.IntegrationTests\ThunderbirdsBoardGameEngine.GameData.Api.Client.IntegrationTests.csproj", "{91BFB63F-4A0A-4523-B777-2A8B40123A30}"
EndProject
Project("{E53339B2-1760-4266-BCC7-CA923CBCF16C}") = "docker-compose", "Docker\docker-compose.dcproj", "{81DDED9D-158B-E303-5F62-77A2896D2A5A}"
EndProject
Project("{2150E333-8FDC-42A3-9474-1A3956D46DE8}") = "TestData", "TestData", "{A22F695E-1370-454C-B2B6-C3320CFAB8DD}"
EndProject
Project("{2150E333-8FDC-42A3-9474-1A3956D46DE8}") = "Expected", "Expected", "{58A31C2B-4B87-4916-9BA3-C812C5FF8354}"
	ProjectSection(SolutionItems) = preProject
		TestData\Expected\disaster-card-dtos.json = TestData\Expected\disaster-card-dtos.json
	EndProjectSection
EndProject
Project("{2150E333-8FDC-42A3-9474-1A3956D46DE8}") = "Input", "Input", "{07AD74EA-634C-4AF0-87A3-93076D26D76A}"
	ProjectSection(SolutionItems) = preProject
		TestData\Input\disaster-cards-test.json = TestData\Input\disaster-cards-test.json
		TestData\Input\disaster-cards.json = TestData\Input\disaster-cards.json
		TestData\Input\invalid-disaster-cards.json = TestData\Input\invalid-disaster-cards.json
		TestData\Input\invalid-json.json = TestData\Input\invalid-json.json
	EndProjectSection
EndProject
Project("{2150E333-8FDC-42A3-9474-1A3956D46DE8}") = "Tests", "Tests", "{C005E618-80C1-4CCD-9774-336D558E958F}"
EndProject
Project("{FAE04EC0-301F-11D3-BF4B-00C04F79EFBC}") = "ThunderbirdsBoardGameEngine.GameData.Api.DataAccess.IntegrationTests", "ThunderbirdsBoardGameEngine.GameData.Api.DataAccess.IntegrationTests\ThunderbirdsBoardGameEngine.GameData.Api.DataAccess.IntegrationTests.csproj", "{988FBB56-C254-478D-9B67-787216FCE66F}"
EndProject
Project("{FAE04EC0-301F-11D3-BF4B-00C04F79EFBC}") = "ThunderbirdsBoardGameEngine.UI", "ThunderbirdsBoardGameEngine.UI\ThunderbirdsBoardGameEngine.UI.csproj", "{7D6037AF-6A22-4E9F-938A-F3D26B82F178}"
EndProject
Project("{FAE04EC0-301F-11D3-BF4B-00C04F79EFBC}") = "ThunderbirdsBoardGameEngine.UI.UnitTests", "ThunderbirdsBoardGameEngine.UI.UnitTests\ThunderbirdsBoardGameEngine.UI.UnitTests.csproj", "{77BBC935-7543-4ABC-9F2A-4F720812DC93}"
EndProject
Global
	GlobalSection(SolutionConfigurationPlatforms) = preSolution
		Debug|Any CPU = Debug|Any CPU
		Release|Any CPU = Release|Any CPU
	EndGlobalSection
	GlobalSection(ProjectConfigurationPlatforms) = postSolution
		{A76FE72B-9451-4690-9D4A-705530521107}.Debug|Any CPU.ActiveCfg = Debug|Any CPU
		{A76FE72B-9451-4690-9D4A-705530521107}.Debug|Any CPU.Build.0 = Debug|Any CPU
		{A76FE72B-9451-4690-9D4A-705530521107}.Release|Any CPU.ActiveCfg = Release|Any CPU
		{A76FE72B-9451-4690-9D4A-705530521107}.Release|Any CPU.Build.0 = Release|Any CPU
		{F77F2925-BCBF-4AE2-8370-882CD12546C0}.Debug|Any CPU.ActiveCfg = Debug|Any CPU
		{F77F2925-BCBF-4AE2-8370-882CD12546C0}.Debug|Any CPU.Build.0 = Debug|Any CPU
		{F77F2925-BCBF-4AE2-8370-882CD12546C0}.Release|Any CPU.ActiveCfg = Release|Any CPU
		{F77F2925-BCBF-4AE2-8370-882CD12546C0}.Release|Any CPU.Build.0 = Release|Any CPU
		{27F9FC62-87EE-4854-B27B-61CABF2CAC22}.Debug|Any CPU.ActiveCfg = Debug|Any CPU
		{27F9FC62-87EE-4854-B27B-61CABF2CAC22}.Debug|Any CPU.Build.0 = Debug|Any CPU
		{27F9FC62-87EE-4854-B27B-61CABF2CAC22}.Release|Any CPU.ActiveCfg = Release|Any CPU
		{27F9FC62-87EE-4854-B27B-61CABF2CAC22}.Release|Any CPU.Build.0 = Release|Any CPU
		{3B7EAE55-D91F-4317-8DFA-583F8208AA59}.Debug|Any CPU.ActiveCfg = Debug|Any CPU
		{3B7EAE55-D91F-4317-8DFA-583F8208AA59}.Debug|Any CPU.Build.0 = Debug|Any CPU
		{3B7EAE55-D91F-4317-8DFA-583F8208AA59}.Release|Any CPU.ActiveCfg = Release|Any CPU
		{3B7EAE55-D91F-4317-8DFA-583F8208AA59}.Release|Any CPU.Build.0 = Release|Any CPU
		{9DE916CC-8E85-41B8-91BD-83739C65DAB4}.Debug|Any CPU.ActiveCfg = Debug|Any CPU
		{9DE916CC-8E85-41B8-91BD-83739C65DAB4}.Debug|Any CPU.Build.0 = Debug|Any CPU
		{9DE916CC-8E85-41B8-91BD-83739C65DAB4}.Release|Any CPU.ActiveCfg = Release|Any CPU
		{9DE916CC-8E85-41B8-91BD-83739C65DAB4}.Release|Any CPU.Build.0 = Release|Any CPU
		{55BCE1CE-58B9-40AA-A8A0-287FAB2AEAA8}.Debug|Any CPU.ActiveCfg = Debug|Any CPU
		{55BCE1CE-58B9-40AA-A8A0-287FAB2AEAA8}.Debug|Any CPU.Build.0 = Debug|Any CPU
		{55BCE1CE-58B9-40AA-A8A0-287FAB2AEAA8}.Release|Any CPU.ActiveCfg = Release|Any CPU
		{55BCE1CE-58B9-40AA-A8A0-287FAB2AEAA8}.Release|Any CPU.Build.0 = Release|Any CPU
		{52E664DF-68E8-4FD7-87D3-129B0D63B7AF}.Debug|Any CPU.ActiveCfg = Debug|Any CPU
		{52E664DF-68E8-4FD7-87D3-129B0D63B7AF}.Debug|Any CPU.Build.0 = Debug|Any CPU
		{52E664DF-68E8-4FD7-87D3-129B0D63B7AF}.Release|Any CPU.ActiveCfg = Release|Any CPU
		{52E664DF-68E8-4FD7-87D3-129B0D63B7AF}.Release|Any CPU.Build.0 = Release|Any CPU
		{F69C7496-B37E-4416-81D9-40DFBEA4DD48}.Debug|Any CPU.ActiveCfg = Debug|Any CPU
		{F69C7496-B37E-4416-81D9-40DFBEA4DD48}.Debug|Any CPU.Build.0 = Debug|Any CPU
		{F69C7496-B37E-4416-81D9-40DFBEA4DD48}.Release|Any CPU.ActiveCfg = Release|Any CPU
		{F69C7496-B37E-4416-81D9-40DFBEA4DD48}.Release|Any CPU.Build.0 = Release|Any CPU
		{9A41E0B8-7503-4B72-BF89-D15C633BBD9C}.Debug|Any CPU.ActiveCfg = Debug|Any CPU
		{9A41E0B8-7503-4B72-BF89-D15C633BBD9C}.Debug|Any CPU.Build.0 = Debug|Any CPU
		{9A41E0B8-7503-4B72-BF89-D15C633BBD9C}.Release|Any CPU.ActiveCfg = Release|Any CPU
		{9A41E0B8-7503-4B72-BF89-D15C633BBD9C}.Release|Any CPU.Build.0 = Release|Any CPU
		{FAC8733C-43C8-4D28-B292-E447F20BCF2D}.Debug|Any CPU.ActiveCfg = Debug|Any CPU
		{FAC8733C-43C8-4D28-B292-E447F20BCF2D}.Debug|Any CPU.Build.0 = Debug|Any CPU
		{FAC8733C-43C8-4D28-B292-E447F20BCF2D}.Release|Any CPU.ActiveCfg = Release|Any CPU
		{FAC8733C-43C8-4D28-B292-E447F20BCF2D}.Release|Any CPU.Build.0 = Release|Any CPU
		{559E152C-F960-410C-96A5-9A01BC411A24}.Debug|Any CPU.ActiveCfg = Debug|Any CPU
		{559E152C-F960-410C-96A5-9A01BC411A24}.Debug|Any CPU.Build.0 = Debug|Any CPU
		{559E152C-F960-410C-96A5-9A01BC411A24}.Release|Any CPU.ActiveCfg = Release|Any CPU
		{559E152C-F960-410C-96A5-9A01BC411A24}.Release|Any CPU.Build.0 = Release|Any CPU
		{91BFB63F-4A0A-4523-B777-2A8B40123A30}.Debug|Any CPU.ActiveCfg = Debug|Any CPU
		{91BFB63F-4A0A-4523-B777-2A8B40123A30}.Debug|Any CPU.Build.0 = Debug|Any CPU
		{91BFB63F-4A0A-4523-B777-2A8B40123A30}.Release|Any CPU.ActiveCfg = Release|Any CPU
		{91BFB63F-4A0A-4523-B777-2A8B40123A30}.Release|Any CPU.Build.0 = Release|Any CPU
		{81DDED9D-158B-E303-5F62-77A2896D2A5A}.Debug|Any CPU.ActiveCfg = Debug|Any CPU
		{81DDED9D-158B-E303-5F62-77A2896D2A5A}.Debug|Any CPU.Build.0 = Debug|Any CPU
		{81DDED9D-158B-E303-5F62-77A2896D2A5A}.Release|Any CPU.ActiveCfg = Release|Any CPU
		{81DDED9D-158B-E303-5F62-77A2896D2A5A}.Release|Any CPU.Build.0 = Release|Any CPU
		{988FBB56-C254-478D-9B67-787216FCE66F}.Debug|Any CPU.ActiveCfg = Debug|Any CPU
		{988FBB56-C254-478D-9B67-787216FCE66F}.Debug|Any CPU.Build.0 = Debug|Any CPU
		{988FBB56-C254-478D-9B67-787216FCE66F}.Release|Any CPU.ActiveCfg = Release|Any CPU
		{988FBB56-C254-478D-9B67-787216FCE66F}.Release|Any CPU.Build.0 = Release|Any CPU
		{7D6037AF-6A22-4E9F-938A-F3D26B82F178}.Debug|Any CPU.ActiveCfg = Debug|Any CPU
		{7D6037AF-6A22-4E9F-938A-F3D26B82F178}.Debug|Any CPU.Build.0 = Debug|Any CPU
		{7D6037AF-6A22-4E9F-938A-F3D26B82F178}.Release|Any CPU.ActiveCfg = Release|Any CPU
		{7D6037AF-6A22-4E9F-938A-F3D26B82F178}.Release|Any CPU.Build.0 = Release|Any CPU
		{77BBC935-7543-4ABC-9F2A-4F720812DC93}.Debug|Any CPU.ActiveCfg = Debug|Any CPU
		{77BBC935-7543-4ABC-9F2A-4F720812DC93}.Debug|Any CPU.Build.0 = Debug|Any CPU
		{77BBC935-7543-4ABC-9F2A-4F720812DC93}.Release|Any CPU.ActiveCfg = Release|Any CPU
		{77BBC935-7543-4ABC-9F2A-4F720812DC93}.Release|Any CPU.Build.0 = Release|Any CPU
	EndGlobalSection
	GlobalSection(SolutionProperties) = preSolution
		HideSolutionNode = FALSE
	EndGlobalSection
	GlobalSection(NestedProjects) = preSolution
		{02EA681E-C7D8-13C7-8484-4AC65E1B71E8} = {C005E618-80C1-4CCD-9774-336D558E958F}
		{D8475FB6-8FFD-4252-BF79-1BC0AF31A524} = {C005E618-80C1-4CCD-9774-336D558E958F}
		{F77F2925-BCBF-4AE2-8370-882CD12546C0} = {D8475FB6-8FFD-4252-BF79-1BC0AF31A524}
		{9DE916CC-8E85-41B8-91BD-83739C65DAB4} = {D8475FB6-8FFD-4252-BF79-1BC0AF31A524}
		{55BCE1CE-58B9-40AA-A8A0-287FAB2AEAA8} = {02EA681E-C7D8-13C7-8484-4AC65E1B71E8}
		{F69C7496-B37E-4416-81D9-40DFBEA4DD48} = {D8475FB6-8FFD-4252-BF79-1BC0AF31A524}
		{FAC8733C-43C8-4D28-B292-E447F20BCF2D} = {C005E618-80C1-4CCD-9774-336D558E958F}
		{559E152C-F960-410C-96A5-9A01BC411A24} = {D8475FB6-8FFD-4252-BF79-1BC0AF31A524}
		{91BFB63F-4A0A-4523-B777-2A8B40123A30} = {02EA681E-C7D8-13C7-8484-4AC65E1B71E8}
		{A22F695E-1370-454C-B2B6-C3320CFAB8DD} = {C005E618-80C1-4CCD-9774-336D558E958F}
		{58A31C2B-4B87-4916-9BA3-C812C5FF8354} = {A22F695E-1370-454C-B2B6-C3320CFAB8DD}
		{07AD74EA-634C-4AF0-87A3-93076D26D76A} = {A22F695E-1370-454C-B2B6-C3320CFAB8DD}
		{988FBB56-C254-478D-9B67-787216FCE66F} = {02EA681E-C7D8-13C7-8484-4AC65E1B71E8}
		{77BBC935-7543-4ABC-9F2A-4F720812DC93} = {D8475FB6-8FFD-4252-BF79-1BC0AF31A524}
	EndGlobalSection
	GlobalSection(ExtensibilityGlobals) = postSolution
		SolutionGuid = {92EB50C5-075F-4AF3-8107-0DC9EDBBAB83}
	EndGlobalSection
EndGlobal
