
Microsoft Visual Studio Solution File, Format Version 12.00
# Visual Studio Version 18
VisualStudioVersion = 18.0.11217.181
MinimumVisualStudioVersion = 10.0.40219.1
Project("{2150E333-8FDC-42A3-9474-1A3956D46DE8}") = "IntegrationTests", "IntegrationTests", "{02EA681E-C7D8-13C7-8484-4AC65E1B71E8}"
EndProject
Project("{2150E333-8FDC-42A3-9474-1A3956D46DE8}") = "UnitTests", "UnitTests", "{D8475FB6-8FFD-4252-BF79-1BC0AF31A524}"
EndProject
Project("{E53339B2-1760-4266-BCC7-CA923CBCF16C}") = "docker-compose", "Docker\docker-compose.dcproj", "{81DDED9D-158B-E303-5F62-77A2896D2A5A}"
EndProject
Project("{2150E333-8FDC-42A3-9474-1A3956D46DE8}") = "Tests", "Tests", "{C005E618-80C1-4CCD-9774-336D558E958F}"
EndProject
Project("{2150E333-8FDC-42A3-9474-1A3956D46DE8}") = "Support", "Support", "{FC7280B4-F6FF-4E00-B8C0-6C5F6FA6219C}"
EndProject
Project("{2150E333-8FDC-42A3-9474-1A3956D46DE8}") = "ComponentTests", "ComponentTests", "{987A2C73-51DA-4FCE-AEF0-DFB7C4B23F2E}"
EndProject
Project("{2150E333-8FDC-42A3-9474-1A3956D46DE8}") = "EndToEndTests", "EndToEndTests", "{925ACEE6-F02D-4573-8653-EE865CF90C82}"
EndProject
Project("{FAE04EC0-301F-11D3-BF4B-00C04F79EFBC}") = "ThunderbirdsBoardGameEngine.Rules.Domain", "src\Rules\ThunderbirdsBoardGameEngine.Rules.Domain\ThunderbirdsBoardGameEngine.Rules.Domain.csproj", "{607144EA-4441-AC0D-D85D-76BE80B41802}"
EndProject
Project("{FAE04EC0-301F-11D3-BF4B-00C04F79EFBC}") = "ThunderbirdsBoardGameEngine.Rules.Application", "src\Rules\ThunderbirdsBoardGameEngine.Rules.Application\ThunderbirdsBoardGameEngine.Rules.Application.csproj", "{EDB4F448-5C0C-1B46-9039-E364934BBB91}"
EndProject
Project("{FAE04EC0-301F-11D3-BF4B-00C04F79EFBC}") = "ThunderbirdsBoardGameEngine.Rules.Infrastructure", "src\Rules\ThunderbirdsBoardGameEngine.Rules.Infrastructure\ThunderbirdsBoardGameEngine.Rules.Infrastructure.csproj", "{6CABFF5A-E84B-69A6-77D3-C8BBDF73C5C5}"
EndProject
Project("{FAE04EC0-301F-11D3-BF4B-00C04F79EFBC}") = "ThunderbirdsBoardGameEngine.Rules.Contracts", "src\Rules\ThunderbirdsBoardGameEngine.Rules.Contracts\ThunderbirdsBoardGameEngine.Rules.Contracts.csproj", "{68449F5D-9F3B-A0A6-EF39-564968935E52}"
EndProject
Project("{FAE04EC0-301F-11D3-BF4B-00C04F79EFBC}") = "ThunderbirdsBoardGameEngine.TestUtils", "tests\Common\ThunderbirdsBoardGameEngine.TestUtils\ThunderbirdsBoardGameEngine.TestUtils.csproj", "{9D4452BA-4451-A03A-7DE1-712A4076B3F8}"
EndProject
Project("{FAE04EC0-301F-11D3-BF4B-00C04F79EFBC}") = "ThunderbirdsBoardGameEngine.TestUtils.xUnit", "tests\Common\ThunderbirdsBoardGameEngine.TestUtils.xUnit\ThunderbirdsBoardGameEngine.TestUtils.xUnit.csproj", "{BB579A44-29C4-B677-0418-16A845C8AEBC}"
EndProject
Project("{FAE04EC0-301F-11D3-BF4B-00C04F79EFBC}") = "ThunderbirdsBoardGameEngine.Rules.Domain.UnitTests", "tests\Rules\UnitTests\ThunderbirdsBoardGameEngine.Rules.Domain.UnitTests\ThunderbirdsBoardGameEngine.Rules.Domain.UnitTests.csproj", "{D0371130-27F9-B7D8-FE04-ACF90D595319}"
EndProject
Project("{FAE04EC0-301F-11D3-BF4B-00C04F79EFBC}") = "ThunderbirdsBoardGameEngine.Rules.Infrastructure.UnitTests", "tests\Rules\UnitTests\ThunderbirdsBoardGameEngine.Rules.Infrastructure.UnitTests\ThunderbirdsBoardGameEngine.Rules.Infrastructure.UnitTests.csproj", "{3D656864-1885-0A68-97A6-340AB3D81925}"
EndProject
Project("{FAE04EC0-301F-11D3-BF4B-00C04F79EFBC}") = "ThunderbirdsBoardGameEngine.Api.UnitTests", "tests\Api\UnitTests\ThunderbirdsBoardGameEngine.Api.UnitTests\ThunderbirdsBoardGameEngine.Api.UnitTests.csproj", "{77E62974-35A3-0FA2-FF27-CFD68A9877F4}"
EndProject
Project("{FAE04EC0-301F-11D3-BF4B-00C04F79EFBC}") = "ThunderbirdsBoardGameEngine.UI.UnitTests", "tests\Ui\UnitTests\ThunderbirdsBoardGameEngine.UI.UnitTests\ThunderbirdsBoardGameEngine.UI.UnitTests.csproj", "{2EE67FAA-96C3-D368-48F7-D299A58066AE}"
EndProject
Project("{FAE04EC0-301F-11D3-BF4B-00C04F79EFBC}") = "ThunderbirdsBoardGameEngine.Rules.ComponentTests", "tests\Rules\ComponentTests\ThunderbirdsBoardGameEngine.Rules.ComponentTests\ThunderbirdsBoardGameEngine.Rules.ComponentTests.csproj", "{D76647D9-7DDE-E060-A706-EF5DD372B436}"
EndProject
Project("{FAE04EC0-301F-11D3-BF4B-00C04F79EFBC}") = "ThunderbirdsBoardGameEngine.Api.ComponentTests", "tests\Api\ComponentTests\ThunderbirdsBoardGameEngine.Api.ComponentTests\ThunderbirdsBoardGameEngine.Api.ComponentTests.csproj", "{E15F8007-E755-7BAC-D881-9DEE27001C61}"
EndProject
Project("{FAE04EC0-301F-11D3-BF4B-00C04F79EFBC}") = "ThunderbirdsBoardGameEngine.UI.ComponentTests", "tests\Ui\ComponentTests\ThunderbirdsBoardGameEngine.UI.ComponentTests\ThunderbirdsBoardGameEngine.UI.ComponentTests.csproj", "{2A80FF2F-5F69-22CB-4F8E-C9B9759D6564}"
EndProject
Project("{FAE04EC0-301F-11D3-BF4B-00C04F79EFBC}") = "ThunderbirdsBoardGameEngine.UI.IntegrationTests", "tests\Ui\IntegrationTests\ThunderbirdsBoardGameEngine.UI.IntegrationTests\ThunderbirdsBoardGameEngine.UI.IntegrationTests.csproj", "{C3A970DA-2DBF-81C9-312C-9C96EE7D665C}"
EndProject
Project("{FAE04EC0-301F-11D3-BF4B-00C04F79EFBC}") = "ThunderbirdsBoardGameEngine.PlaywrightTests", "tests\EndToEnd\ThunderbirdsBoardGameEngine.PlaywrightTests\ThunderbirdsBoardGameEngine.PlaywrightTests.csproj", "{ED8FA1ED-3232-8A1A-A6C0-D6D165864B67}"
EndProject
Project("{FAE04EC0-301F-11D3-BF4B-00C04F79EFBC}") = "ThunderbirdsBoardGameEngine.Api", "src\Api\ThunderbirdsBoardGameEngine.Api\ThunderbirdsBoardGameEngine.Api.csproj", "{A16BFCB3-DFB9-DF43-51E1-F09B0B2AB11F}"
EndProject
Project("{FAE04EC0-301F-11D3-BF4B-00C04F79EFBC}") = "ThunderbirdsBoardGameEngine.UI", "src\Ui\ThunderbirdsBoardGameEngine.UI\ThunderbirdsBoardGameEngine.UI.csproj", "{C413D0AA-890F-90D8-7889-CD59E161A705}"
EndProject
Project("{FAE04EC0-301F-11D3-BF4B-00C04F79EFBC}") = "ThunderbirdsBoardGameEngine.Client.Infrastructure", "src\Common\ThunderbirdsBoardGameEngine.Client.Infrastructure\ThunderbirdsBoardGameEngine.Client.Infrastructure.csproj", "{01B5EF3D-8730-405E-AC0F-17C24F22D07F}"
EndProject
Project("{FAE04EC0-301F-11D3-BF4B-00C04F79EFBC}") = "ThunderbirdsBoardGameEngine.Client.Infrastructure.UnitTests", "tests\Common\ThunderbirdsBoardGameEngine.Client.Infrastructure.UnitTests\ThunderbirdsBoardGameEngine.Client.Infrastructure.UnitTests.csproj", "{25217185-3C2F-4023-8F26-33E4A67FF7C9}"
EndProject
Project("{FAE04EC0-301F-11D3-BF4B-00C04F79EFBC}") = "ThunderbirdsBoardGameEngine.Rules.Client", "src\Rules\ThunderbirdsBoardGameEngine.Rules.Client\ThunderbirdsBoardGameEngine.Rules.Client.csproj", "{B363F72D-21DA-BC4B-49FD-D4A0AFA89052}"
EndProject
Project("{FAE04EC0-301F-11D3-BF4B-00C04F79EFBC}") = "ThunderbirdsBoardGameEngine.Rules.Client.UnitTests", "tests\Rules\UnitTests\ThunderbirdsBoardGameEngine.Rules.Client.UnitTests\ThunderbirdsBoardGameEngine.Rules.Client.UnitTests.csproj", "{BE60B49E-88AF-40BD-8953-5B4E5AD9D5AC}"
EndProject
Project("{FAE04EC0-301F-11D3-BF4B-00C04F79EFBC}") = "ThunderbirdsBoardGameEngine.Rules.Client.IntegrationTests", "tests\Api\IntegrationTests\ThunderbirdsBoardGameEngine.Rules.Client.IntegrationTests\ThunderbirdsBoardGameEngine.Rules.Client.IntegrationTests.csproj", "{6530D1BF-D273-4C6D-8038-BEA158C16C71}"
EndProject
Project("{FAE04EC0-301F-11D3-BF4B-00C04F79EFBC}") = "ThunderbirdsBoardGameEngine.WireMock.Hosting", "tools\Common\ThunderbirdsBoardGameEngine.WireMock.Hosting\ThunderbirdsBoardGameEngine.WireMock.Hosting.csproj", "{68EC52A3-D3E7-4FE6-BEA8-7352036CFBF6}"
EndProject
Project("{FAE04EC0-301F-11D3-BF4B-00C04F79EFBC}") = "ThunderbirdsBoardGameEngine.Rules.WireMock", "tools\Rules\ThunderbirdsBoardGameEngine.Rules.WireMock\ThunderbirdsBoardGameEngine.Rules.WireMock.csproj", "{D06B661C-FD14-43D6-959F-56C7C4EECEDF}"
EndProject
Project("{FAE04EC0-301F-11D3-BF4B-00C04F79EFBC}") = "ThunderbirdsBoardGameEngine.Rules.WireMock.ComponentTests", "tests\Rules\ComponentTests\ThunderbirdsBoardGameEngine.Rules.WireMock.ComponentTests\ThunderbirdsBoardGameEngine.Rules.WireMock.ComponentTests.csproj", "{E510BCD3-BC98-5D33-A536-7EAE9FD02258}"
EndProject
Project("{FAE04EC0-301F-11D3-BF4B-00C04F79EFBC}") = "ThunderbirdsBoardGameEngine.Rules.Client.ComponentTests", "tests\Rules\ComponentTests\ThunderbirdsBoardGameEngine.Rules.Client.ComponentTests\ThunderbirdsBoardGameEngine.Rules.Client.ComponentTests.csproj", "{4483F3C7-8186-4E09-94CA-B90B720455C1}"
EndProject
Project("{FAE04EC0-301F-11D3-BF4B-00C04F79EFBC}") = "ThunderbirdsBoardGameEngine.ReferenceData", "src\ReferenceData\ThunderbirdsBoardGameEngine.ReferenceData\ThunderbirdsBoardGameEngine.ReferenceData.csproj", "{0F5BF05C-D523-4E7A-A5ED-1B0C911B7D7A}"
EndProject
Project("{FAE04EC0-301F-11D3-BF4B-00C04F79EFBC}") = "ThunderbirdsBoardGameEngine.ReferenceData.Compiler", "tools\ReferenceData\ThunderbirdsBoardGameEngine.ReferenceData.Compiler\ThunderbirdsBoardGameEngine.ReferenceData.Compiler.csproj", "{38C36D13-0FD7-EC02-3C44-20ED914D425B}"
EndProject
Project("{FAE04EC0-301F-11D3-BF4B-00C04F79EFBC}") = "ThunderbirdsBoardGameEngine.ReferenceData.Compiler.UnitTests", "tests\ReferenceData\UnitTests\ThunderbirdsBoardGameEngine.ReferenceData.Compiler.UnitTests\ThunderbirdsBoardGameEngine.ReferenceData.Compiler.UnitTests.csproj", "{45A44ED5-37CD-FFEA-C7D6-0FC5A693F2D4}"
EndProject
Project("{FAE04EC0-301F-11D3-BF4B-00C04F79EFBC}") = "ThunderbirdsBoardGameEngine.ReferenceData.UnitTests", "tests\ReferenceData\UnitTests\ThunderbirdsBoardGameEngine.ReferenceData.UnitTests\ThunderbirdsBoardGameEngine.ReferenceData.UnitTests.csproj", "{FD29A8FC-1CEA-CBD9-ACAB-905F33CDC56E}"
EndProject
Project("{FAE04EC0-301F-11D3-BF4B-00C04F79EFBC}") = "ThunderbirdsBoardGameEngine.ReferenceData.Runtime", "src\ReferenceData\ThunderbirdsBoardGameEngine.ReferenceData.Runtime\ThunderbirdsBoardGameEngine.ReferenceData.Runtime.csproj", "{5A564779-7B59-43B6-8FD7-AF602D70AB4C}"
EndProject
Project("{FAE04EC0-301F-11D3-BF4B-00C04F79EFBC}") = "ThunderbirdsBoardGameEngine.ReferenceData.ComponentTests", "tests\ReferenceData\ComponentTests\ThunderbirdsBoardGameEngine.ReferenceData.ComponentTests\ThunderbirdsBoardGameEngine.ReferenceData.ComponentTests.csproj", "{37E83918-D47C-4ED5-A31B-79891C11E50A}"
EndProject
Project("{FAE04EC0-301F-11D3-BF4B-00C04F79EFBC}") = "ThunderbirdsBoardGameEngine.ReferenceData.Runtime.UnitTests", "tests\ReferenceData\UnitTests\ThunderbirdsBoardGameEngine.ReferenceData.Runtime.UnitTests\ThunderbirdsBoardGameEngine.ReferenceData.Runtime.UnitTests.csproj", "{9B1E3F9B-392D-42C4-B914-BE21D3C747B4}"
EndProject
Project("{2150E333-8FDC-42A3-9474-1A3956D46DE8}") = "Solution Items", "Solution Items", "{A6D0E6A7-3B5B-4A8D-9F1E-6D66B7D2C3E1}"
	ProjectSection(SolutionItems) = preProject
		Directory.Packages.props = Directory.Packages.props
	EndProjectSection
EndProject
Project("{2150E333-8FDC-42A3-9474-1A3956D46DE8}") = "SmokeTests", "SmokeTests", "{BC1ABD0D-F891-4D94-93F0-AFC5419064B4}"
EndProject
Project("{FAE04EC0-301F-11D3-BF4B-00C04F79EFBC}") = "ThunderbirdsBoardGameEngine.SmokeTests", "tests\SmokeTests\ThunderbirdsBoardGameEngine.SmokeTests\ThunderbirdsBoardGameEngine.SmokeTests.csproj", "{F9B65A68-0C71-ED2B-05D4-CC923173A29D}"
EndProject
Project("{2150E333-8FDC-42A3-9474-1A3956D46DE8}") = "infra", "infra", "{30258541-D0D8-F3FD-D559-E63D6BF074C2}"
EndProject
Project("{2150E333-8FDC-42A3-9474-1A3956D46DE8}") = "Pulumi", "Pulumi", "{27D717A2-2D38-CC4B-31CB-4E7766E63750}"
EndProject
Project("{2150E333-8FDC-42A3-9474-1A3956D46DE8}") = "AzureDev", "AzureDev", "{F52AD44A-3347-8C58-27BC-12A26179E9E0}"
EndProject
Project("{FAE04EC0-301F-11D3-BF4B-00C04F79EFBC}") = "ThunderbirdsBoardGameEngine.Infra.AzureDev", "infra\Pulumi\AzureDev\ThunderbirdsBoardGameEngine.Infra.AzureDev.csproj", "{EF45D389-18E9-4200-9F74-C03A028FACBB}"
EndProject
Project("{FAE04EC0-301F-11D3-BF4B-00C04F79EFBC}") = "ThunderbirdsBoardGameEngine.Rules.Application.UnitTests", "tests\Rules\UnitTests\ThunderbirdsBoardGameEngine.Rules.Application.UnitTests\ThunderbirdsBoardGameEngine.Rules.Application.UnitTests.csproj", "{2EDB538D-32C3-6BC5-30B3-AA5E4220288B}"
EndProject
Global
	GlobalSection(SolutionConfigurationPlatforms) = preSolution
		Debug|Any CPU = Debug|Any CPU
		Debug|x64 = Debug|x64
		Debug|x86 = Debug|x86
		Release|Any CPU = Release|Any CPU
		Release|x64 = Release|x64
		Release|x86 = Release|x86
	EndGlobalSection
	GlobalSection(ProjectConfigurationPlatforms) = postSolution
		{81DDED9D-158B-E303-5F62-77A2896D2A5A}.Debug|Any CPU.ActiveCfg = Debug|Any CPU
		{81DDED9D-158B-E303-5F62-77A2896D2A5A}.Debug|Any CPU.Build.0 = Debug|Any CPU
		{81DDED9D-158B-E303-5F62-77A2896D2A5A}.Debug|x64.ActiveCfg = Debug|x64
		{81DDED9D-158B-E303-5F62-77A2896D2A5A}.Debug|x64.Build.0 = Debug|x64
		{81DDED9D-158B-E303-5F62-77A2896D2A5A}.Debug|x86.ActiveCfg = Debug|x86
		{81DDED9D-158B-E303-5F62-77A2896D2A5A}.Debug|x86.Build.0 = Debug|x86
		{81DDED9D-158B-E303-5F62-77A2896D2A5A}.Release|Any CPU.ActiveCfg = Release|Any CPU
		{81DDED9D-158B-E303-5F62-77A2896D2A5A}.Release|Any CPU.Build.0 = Release|Any CPU
		{81DDED9D-158B-E303-5F62-77A2896D2A5A}.Release|x64.ActiveCfg = Release|x64
		{81DDED9D-158B-E303-5F62-77A2896D2A5A}.Release|x64.Build.0 = Release|x64
		{81DDED9D-158B-E303-5F62-77A2896D2A5A}.Release|x86.ActiveCfg = Release|x86
		{81DDED9D-158B-E303-5F62-77A2896D2A5A}.Release|x86.Build.0 = Release|x86
		{607144EA-4441-AC0D-D85D-76BE80B41802}.Debug|Any CPU.ActiveCfg = Debug|Any CPU
		{607144EA-4441-AC0D-D85D-76BE80B41802}.Debug|Any CPU.Build.0 = Debug|Any CPU
		{607144EA-4441-AC0D-D85D-76BE80B41802}.Debug|x64.ActiveCfg = Debug|Any CPU
		{607144EA-4441-AC0D-D85D-76BE80B41802}.Debug|x64.Build.0 = Debug|Any CPU
		{607144EA-4441-AC0D-D85D-76BE80B41802}.Debug|x86.ActiveCfg = Debug|Any CPU
		{607144EA-4441-AC0D-D85D-76BE80B41802}.Debug|x86.Build.0 = Debug|Any CPU
		{607144EA-4441-AC0D-D85D-76BE80B41802}.Release|Any CPU.ActiveCfg = Release|Any CPU
		{607144EA-4441-AC0D-D85D-76BE80B41802}.Release|Any CPU.Build.0 = Release|Any CPU
		{607144EA-4441-AC0D-D85D-76BE80B41802}.Release|x64.ActiveCfg = Release|Any CPU
		{607144EA-4441-AC0D-D85D-76BE80B41802}.Release|x64.Build.0 = Release|Any CPU
		{607144EA-4441-AC0D-D85D-76BE80B41802}.Release|x86.ActiveCfg = Release|Any CPU
		{607144EA-4441-AC0D-D85D-76BE80B41802}.Release|x86.Build.0 = Release|Any CPU
		{EDB4F448-5C0C-1B46-9039-E364934BBB91}.Debug|Any CPU.ActiveCfg = Debug|Any CPU
		{EDB4F448-5C0C-1B46-9039-E364934BBB91}.Debug|Any CPU.Build.0 = Debug|Any CPU
		{EDB4F448-5C0C-1B46-9039-E364934BBB91}.Debug|x64.ActiveCfg = Debug|Any CPU
		{EDB4F448-5C0C-1B46-9039-E364934BBB91}.Debug|x64.Build.0 = Debug|Any CPU
		{EDB4F448-5C0C-1B46-9039-E364934BBB91}.Debug|x86.ActiveCfg = Debug|Any CPU
		{EDB4F448-5C0C-1B46-9039-E364934BBB91}.Debug|x86.Build.0 = Debug|Any CPU
		{EDB4F448-5C0C-1B46-9039-E364934BBB91}.Release|Any CPU.ActiveCfg = Release|Any CPU
		{EDB4F448-5C0C-1B46-9039-E364934BBB91}.Release|Any CPU.Build.0 = Release|Any CPU
		{EDB4F448-5C0C-1B46-9039-E364934BBB91}.Release|x64.ActiveCfg = Release|Any CPU
		{EDB4F448-5C0C-1B46-9039-E364934BBB91}.Release|x64.Build.0 = Release|Any CPU
		{EDB4F448-5C0C-1B46-9039-E364934BBB91}.Release|x86.ActiveCfg = Release|Any CPU
		{EDB4F448-5C0C-1B46-9039-E364934BBB91}.Release|x86.Build.0 = Release|Any CPU
		{6CABFF5A-E84B-69A6-77D3-C8BBDF73C5C5}.Debug|Any CPU.ActiveCfg = Debug|Any CPU
		{6CABFF5A-E84B-69A6-77D3-C8BBDF73C5C5}.Debug|Any CPU.Build.0 = Debug|Any CPU
		{6CABFF5A-E84B-69A6-77D3-C8BBDF73C5C5}.Debug|x64.ActiveCfg = Debug|Any CPU
		{6CABFF5A-E84B-69A6-77D3-C8BBDF73C5C5}.Debug|x64.Build.0 = Debug|Any CPU
		{6CABFF5A-E84B-69A6-77D3-C8BBDF73C5C5}.Debug|x86.ActiveCfg = Debug|Any CPU
		{6CABFF5A-E84B-69A6-77D3-C8BBDF73C5C5}.Debug|x86.Build.0 = Debug|Any CPU
		{6CABFF5A-E84B-69A6-77D3-C8BBDF73C5C5}.Release|Any CPU.ActiveCfg = Release|Any CPU
		{6CABFF5A-E84B-69A6-77D3-C8BBDF73C5C5}.Release|Any CPU.Build.0 = Release|Any CPU
		{6CABFF5A-E84B-69A6-77D3-C8BBDF73C5C5}.Release|x64.ActiveCfg = Release|Any CPU
		{6CABFF5A-E84B-69A6-77D3-C8BBDF73C5C5}.Release|x64.Build.0 = Release|Any CPU
		{6CABFF5A-E84B-69A6-77D3-C8BBDF73C5C5}.Release|x86.ActiveCfg = Release|Any CPU
		{6CABFF5A-E84B-69A6-77D3-C8BBDF73C5C5}.Release|x86.Build.0 = Release|Any CPU
		{68449F5D-9F3B-A0A6-EF39-564968935E52}.Debug|Any CPU.ActiveCfg = Debug|Any CPU
		{68449F5D-9F3B-A0A6-EF39-564968935E52}.Debug|Any CPU.Build.0 = Debug|Any CPU
		{68449F5D-9F3B-A0A6-EF39-564968935E52}.Debug|x64.ActiveCfg = Debug|Any CPU
		{68449F5D-9F3B-A0A6-EF39-564968935E52}.Debug|x64.Build.0 = Debug|Any CPU
		{68449F5D-9F3B-A0A6-EF39-564968935E52}.Debug|x86.ActiveCfg = Debug|Any CPU
		{68449F5D-9F3B-A0A6-EF39-564968935E52}.Debug|x86.Build.0 = Debug|Any CPU
		{68449F5D-9F3B-A0A6-EF39-564968935E52}.Release|Any CPU.ActiveCfg = Release|Any CPU
		{68449F5D-9F3B-A0A6-EF39-564968935E52}.Release|Any CPU.Build.0 = Release|Any CPU
		{68449F5D-9F3B-A0A6-EF39-564968935E52}.Release|x64.ActiveCfg = Release|Any CPU
		{68449F5D-9F3B-A0A6-EF39-564968935E52}.Release|x64.Build.0 = Release|Any CPU
		{68449F5D-9F3B-A0A6-EF39-564968935E52}.Release|x86.ActiveCfg = Release|Any CPU
		{68449F5D-9F3B-A0A6-EF39-564968935E52}.Release|x86.Build.0 = Release|Any CPU
		{9D4452BA-4451-A03A-7DE1-712A4076B3F8}.Debug|Any CPU.ActiveCfg = Debug|Any CPU
		{9D4452BA-4451-A03A-7DE1-712A4076B3F8}.Debug|Any CPU.Build.0 = Debug|Any CPU
		{9D4452BA-4451-A03A-7DE1-712A4076B3F8}.Debug|x64.ActiveCfg = Debug|Any CPU
		{9D4452BA-4451-A03A-7DE1-712A4076B3F8}.Debug|x64.Build.0 = Debug|Any CPU
		{9D4452BA-4451-A03A-7DE1-712A4076B3F8}.Debug|x86.ActiveCfg = Debug|Any CPU
		{9D4452BA-4451-A03A-7DE1-712A4076B3F8}.Debug|x86.Build.0 = Debug|Any CPU
		{9D4452BA-4451-A03A-7DE1-712A4076B3F8}.Release|Any CPU.ActiveCfg = Release|Any CPU
		{9D4452BA-4451-A03A-7DE1-712A4076B3F8}.Release|Any CPU.Build.0 = Release|Any CPU
		{9D4452BA-4451-A03A-7DE1-712A4076B3F8}.Release|x64.ActiveCfg = Release|Any CPU
		{9D4452BA-4451-A03A-7DE1-712A4076B3F8}.Release|x64.Build.0 = Release|Any CPU
		{9D4452BA-4451-A03A-7DE1-712A4076B3F8}.Release|x86.ActiveCfg = Release|Any CPU
		{9D4452BA-4451-A03A-7DE1-712A4076B3F8}.Release|x86.Build.0 = Release|Any CPU
		{BB579A44-29C4-B677-0418-16A845C8AEBC}.Debug|Any CPU.ActiveCfg = Debug|Any CPU
		{BB579A44-29C4-B677-0418-16A845C8AEBC}.Debug|Any CPU.Build.0 = Debug|Any CPU
		{BB579A44-29C4-B677-0418-16A845C8AEBC}.Debug|x64.ActiveCfg = Debug|Any CPU
		{BB579A44-29C4-B677-0418-16A845C8AEBC}.Debug|x64.Build.0 = Debug|Any CPU
		{BB579A44-29C4-B677-0418-16A845C8AEBC}.Debug|x86.ActiveCfg = Debug|Any CPU
		{BB579A44-29C4-B677-0418-16A845C8AEBC}.Debug|x86.Build.0 = Debug|Any CPU
		{BB579A44-29C4-B677-0418-16A845C8AEBC}.Release|Any CPU.ActiveCfg = Release|Any CPU
		{BB579A44-29C4-B677-0418-16A845C8AEBC}.Release|Any CPU.Build.0 = Release|Any CPU
		{BB579A44-29C4-B677-0418-16A845C8AEBC}.Release|x64.ActiveCfg = Release|Any CPU
		{BB579A44-29C4-B677-0418-16A845C8AEBC}.Release|x64.Build.0 = Release|Any CPU
		{BB579A44-29C4-B677-0418-16A845C8AEBC}.Release|x86.ActiveCfg = Release|Any CPU
		{BB579A44-29C4-B677-0418-16A845C8AEBC}.Release|x86.Build.0 = Release|Any CPU
		{D0371130-27F9-B7D8-FE04-ACF90D595319}.Debug|Any CPU.ActiveCfg = Debug|Any CPU
		{D0371130-27F9-B7D8-FE04-ACF90D595319}.Debug|Any CPU.Build.0 = Debug|Any CPU
		{D0371130-27F9-B7D8-FE04-ACF90D595319}.Debug|x64.ActiveCfg = Debug|Any CPU
		{D0371130-27F9-B7D8-FE04-ACF90D595319}.Debug|x64.Build.0 = Debug|Any CPU
		{D0371130-27F9-B7D8-FE04-ACF90D595319}.Debug|x86.ActiveCfg = Debug|Any CPU
		{D0371130-27F9-B7D8-FE04-ACF90D595319}.Debug|x86.Build.0 = Debug|Any CPU
		{D0371130-27F9-B7D8-FE04-ACF90D595319}.Release|Any CPU.ActiveCfg = Release|Any CPU
		{D0371130-27F9-B7D8-FE04-ACF90D595319}.Release|Any CPU.Build.0 = Release|Any CPU
		{D0371130-27F9-B7D8-FE04-ACF90D595319}.Release|x64.ActiveCfg = Release|Any CPU
		{D0371130-27F9-B7D8-FE04-ACF90D595319}.Release|x64.Build.0 = Release|Any CPU
		{D0371130-27F9-B7D8-FE04-ACF90D595319}.Release|x86.ActiveCfg = Release|Any CPU
		{D0371130-27F9-B7D8-FE04-ACF90D595319}.Release|x86.Build.0 = Release|Any CPU
		{3D656864-1885-0A68-97A6-340AB3D81925}.Debug|Any CPU.ActiveCfg = Debug|Any CPU
		{3D656864-1885-0A68-97A6-340AB3D81925}.Debug|Any CPU.Build.0 = Debug|Any CPU
		{3D656864-1885-0A68-97A6-340AB3D81925}.Debug|x64.ActiveCfg = Debug|Any CPU
		{3D656864-1885-0A68-97A6-340AB3D81925}.Debug|x64.Build.0 = Debug|Any CPU
		{3D656864-1885-0A68-97A6-340AB3D81925}.Debug|x86.ActiveCfg = Debug|Any CPU
		{3D656864-1885-0A68-97A6-340AB3D81925}.Debug|x86.Build.0 = Debug|Any CPU
		{3D656864-1885-0A68-97A6-340AB3D81925}.Release|Any CPU.ActiveCfg = Release|Any CPU
		{3D656864-1885-0A68-97A6-340AB3D81925}.Release|Any CPU.Build.0 = Release|Any CPU
		{3D656864-1885-0A68-97A6-340AB3D81925}.Release|x64.ActiveCfg = Release|Any CPU
		{3D656864-1885-0A68-97A6-340AB3D81925}.Release|x64.Build.0 = Release|Any CPU
		{3D656864-1885-0A68-97A6-340AB3D81925}.Release|x86.ActiveCfg = Release|Any CPU
		{3D656864-1885-0A68-97A6-340AB3D81925}.Release|x86.Build.0 = Release|Any CPU
		{77E62974-35A3-0FA2-FF27-CFD68A9877F4}.Debug|Any CPU.ActiveCfg = Debug|Any CPU
		{77E62974-35A3-0FA2-FF27-CFD68A9877F4}.Debug|Any CPU.Build.0 = Debug|Any CPU
		{77E62974-35A3-0FA2-FF27-CFD68A9877F4}.Debug|x64.ActiveCfg = Debug|Any CPU
		{77E62974-35A3-0FA2-FF27-CFD68A9877F4}.Debug|x64.Build.0 = Debug|Any CPU
		{77E62974-35A3-0FA2-FF27-CFD68A9877F4}.Debug|x86.ActiveCfg = Debug|Any CPU
		{77E62974-35A3-0FA2-FF27-CFD68A9877F4}.Debug|x86.Build.0 = Debug|Any CPU
		{77E62974-35A3-0FA2-FF27-CFD68A9877F4}.Release|Any CPU.ActiveCfg = Release|Any CPU
		{77E62974-35A3-0FA2-FF27-CFD68A9877F4}.Release|Any CPU.Build.0 = Release|Any CPU
		{77E62974-35A3-0FA2-FF27-CFD68A9877F4}.Release|x64.ActiveCfg = Release|Any CPU
		{77E62974-35A3-0FA2-FF27-CFD68A9877F4}.Release|x64.Build.0 = Release|Any CPU
		{77E62974-35A3-0FA2-FF27-CFD68A9877F4}.Release|x86.ActiveCfg = Release|Any CPU
		{77E62974-35A3-0FA2-FF27-CFD68A9877F4}.Release|x86.Build.0 = Release|Any CPU
		{2EE67FAA-96C3-D368-48F7-D299A58066AE}.Debug|Any CPU.ActiveCfg = Debug|Any CPU
		{2EE67FAA-96C3-D368-48F7-D299A58066AE}.Debug|Any CPU.Build.0 = Debug|Any CPU
		{2EE67FAA-96C3-D368-48F7-D299A58066AE}.Debug|x64.ActiveCfg = Debug|Any CPU
		{2EE67FAA-96C3-D368-48F7-D299A58066AE}.Debug|x64.Build.0 = Debug|Any CPU
		{2EE67FAA-96C3-D368-48F7-D299A58066AE}.Debug|x86.ActiveCfg = Debug|Any CPU
		{2EE67FAA-96C3-D368-48F7-D299A58066AE}.Debug|x86.Build.0 = Debug|Any CPU
		{2EE67FAA-96C3-D368-48F7-D299A58066AE}.Release|Any CPU.ActiveCfg = Release|Any CPU
		{2EE67FAA-96C3-D368-48F7-D299A58066AE}.Release|Any CPU.Build.0 = Release|Any CPU
		{2EE67FAA-96C3-D368-48F7-D299A58066AE}.Release|x64.ActiveCfg = Release|Any CPU
		{2EE67FAA-96C3-D368-48F7-D299A58066AE}.Release|x64.Build.0 = Release|Any CPU
		{2EE67FAA-96C3-D368-48F7-D299A58066AE}.Release|x86.ActiveCfg = Release|Any CPU
		{2EE67FAA-96C3-D368-48F7-D299A58066AE}.Release|x86.Build.0 = Release|Any CPU
		{D76647D9-7DDE-E060-A706-EF5DD372B436}.Debug|Any CPU.ActiveCfg = Debug|Any CPU
		{D76647D9-7DDE-E060-A706-EF5DD372B436}.Debug|Any CPU.Build.0 = Debug|Any CPU
		{D76647D9-7DDE-E060-A706-EF5DD372B436}.Debug|x64.ActiveCfg = Debug|Any CPU
		{D76647D9-7DDE-E060-A706-EF5DD372B436}.Debug|x64.Build.0 = Debug|Any CPU
		{D76647D9-7DDE-E060-A706-EF5DD372B436}.Debug|x86.ActiveCfg = Debug|Any CPU
		{D76647D9-7DDE-E060-A706-EF5DD372B436}.Debug|x86.Build.0 = Debug|Any CPU
		{D76647D9-7DDE-E060-A706-EF5DD372B436}.Release|Any CPU.ActiveCfg = Release|Any CPU
		{D76647D9-7DDE-E060-A706-EF5DD372B436}.Release|Any CPU.Build.0 = Release|Any CPU
		{D76647D9-7DDE-E060-A706-EF5DD372B436}.Release|x64.ActiveCfg = Release|Any CPU
		{D76647D9-7DDE-E060-A706-EF5DD372B436}.Release|x64.Build.0 = Release|Any CPU
		{D76647D9-7DDE-E060-A706-EF5DD372B436}.Release|x86.ActiveCfg = Release|Any CPU
		{D76647D9-7DDE-E060-A706-EF5DD372B436}.Release|x86.Build.0 = Release|Any CPU
		{E15F8007-E755-7BAC-D881-9DEE27001C61}.Debug|Any CPU.ActiveCfg = Debug|Any CPU
		{E15F8007-E755-7BAC-D881-9DEE27001C61}.Debug|Any CPU.Build.0 = Debug|Any CPU
		{E15F8007-E755-7BAC-D881-9DEE27001C61}.Debug|x64.ActiveCfg = Debug|Any CPU
		{E15F8007-E755-7BAC-D881-9DEE27001C61}.Debug|x64.Build.0 = Debug|Any CPU
		{E15F8007-E755-7BAC-D881-9DEE27001C61}.Debug|x86.ActiveCfg = Debug|Any CPU
		{E15F8007-E755-7BAC-D881-9DEE27001C61}.Debug|x86.Build.0 = Debug|Any CPU
		{E15F8007-E755-7BAC-D881-9DEE27001C61}.Release|Any CPU.ActiveCfg = Release|Any CPU
		{E15F8007-E755-7BAC-D881-9DEE27001C61}.Release|Any CPU.Build.0 = Release|Any CPU
		{E15F8007-E755-7BAC-D881-9DEE27001C61}.Release|x64.ActiveCfg = Release|Any CPU
		{E15F8007-E755-7BAC-D881-9DEE27001C61}.Release|x64.Build.0 = Release|Any CPU
		{E15F8007-E755-7BAC-D881-9DEE27001C61}.Release|x86.ActiveCfg = Release|Any CPU
		{E15F8007-E755-7BAC-D881-9DEE27001C61}.Release|x86.Build.0 = Release|Any CPU
		{2A80FF2F-5F69-22CB-4F8E-C9B9759D6564}.Debug|Any CPU.ActiveCfg = Debug|Any CPU
		{2A80FF2F-5F69-22CB-4F8E-C9B9759D6564}.Debug|Any CPU.Build.0 = Debug|Any CPU
		{2A80FF2F-5F69-22CB-4F8E-C9B9759D6564}.Debug|x64.ActiveCfg = Debug|Any CPU
		{2A80FF2F-5F69-22CB-4F8E-C9B9759D6564}.Debug|x64.Build.0 = Debug|Any CPU
		{2A80FF2F-5F69-22CB-4F8E-C9B9759D6564}.Debug|x86.ActiveCfg = Debug|Any CPU
		{2A80FF2F-5F69-22CB-4F8E-C9B9759D6564}.Debug|x86.Build.0 = Debug|Any CPU
		{2A80FF2F-5F69-22CB-4F8E-C9B9759D6564}.Release|Any CPU.ActiveCfg = Release|Any CPU
		{2A80FF2F-5F69-22CB-4F8E-C9B9759D6564}.Release|Any CPU.Build.0 = Release|Any CPU
		{2A80FF2F-5F69-22CB-4F8E-C9B9759D6564}.Release|x64.ActiveCfg = Release|Any CPU
		{2A80FF2F-5F69-22CB-4F8E-C9B9759D6564}.Release|x64.Build.0 = Release|Any CPU
		{2A80FF2F-5F69-22CB-4F8E-C9B9759D6564}.Release|x86.ActiveCfg = Release|Any CPU
		{2A80FF2F-5F69-22CB-4F8E-C9B9759D6564}.Release|x86.Build.0 = Release|Any CPU
		{C3A970DA-2DBF-81C9-312C-9C96EE7D665C}.Debug|Any CPU.ActiveCfg = Debug|Any CPU
		{C3A970DA-2DBF-81C9-312C-9C96EE7D665C}.Debug|Any CPU.Build.0 = Debug|Any CPU
		{C3A970DA-2DBF-81C9-312C-9C96EE7D665C}.Debug|x64.ActiveCfg = Debug|Any CPU
		{C3A970DA-2DBF-81C9-312C-9C96EE7D665C}.Debug|x64.Build.0 = Debug|Any CPU
		{C3A970DA-2DBF-81C9-312C-9C96EE7D665C}.Debug|x86.ActiveCfg = Debug|Any CPU
		{C3A970DA-2DBF-81C9-312C-9C96EE7D665C}.Debug|x86.Build.0 = Debug|Any CPU
		{C3A970DA-2DBF-81C9-312C-9C96EE7D665C}.Release|Any CPU.ActiveCfg = Release|Any CPU
		{C3A970DA-2DBF-81C9-312C-9C96EE7D665C}.Release|Any CPU.Build.0 = Release|Any CPU
		{C3A970DA-2DBF-81C9-312C-9C96EE7D665C}.Release|x64.ActiveCfg = Release|Any CPU
		{C3A970DA-2DBF-81C9-312C-9C96EE7D665C}.Release|x64.Build.0 = Release|Any CPU
		{C3A970DA-2DBF-81C9-312C-9C96EE7D665C}.Release|x86.ActiveCfg = Release|Any CPU
		{C3A970DA-2DBF-81C9-312C-9C96EE7D665C}.Release|x86.Build.0 = Release|Any CPU
		{ED8FA1ED-3232-8A1A-A6C0-D6D165864B67}.Debug|Any CPU.ActiveCfg = Debug|Any CPU
		{ED8FA1ED-3232-8A1A-A6C0-D6D165864B67}.Debug|Any CPU.Build.0 = Debug|Any CPU
		{ED8FA1ED-3232-8A1A-A6C0-D6D165864B67}.Debug|x64.ActiveCfg = Debug|Any CPU
		{ED8FA1ED-3232-8A1A-A6C0-D6D165864B67}.Debug|x64.Build.0 = Debug|Any CPU
		{ED8FA1ED-3232-8A1A-A6C0-D6D165864B67}.Debug|x86.ActiveCfg = Debug|Any CPU
		{ED8FA1ED-3232-8A1A-A6C0-D6D165864B67}.Debug|x86.Build.0 = Debug|Any CPU
		{ED8FA1ED-3232-8A1A-A6C0-D6D165864B67}.Release|Any CPU.ActiveCfg = Release|Any CPU
		{ED8FA1ED-3232-8A1A-A6C0-D6D165864B67}.Release|Any CPU.Build.0 = Release|Any CPU
		{ED8FA1ED-3232-8A1A-A6C0-D6D165864B67}.Release|x64.ActiveCfg = Release|Any CPU
		{ED8FA1ED-3232-8A1A-A6C0-D6D165864B67}.Release|x64.Build.0 = Release|Any CPU
		{ED8FA1ED-3232-8A1A-A6C0-D6D165864B67}.Release|x86.ActiveCfg = Release|Any CPU
		{ED8FA1ED-3232-8A1A-A6C0-D6D165864B67}.Release|x86.Build.0 = Release|Any CPU
		{A16BFCB3-DFB9-DF43-51E1-F09B0B2AB11F}.Debug|Any CPU.ActiveCfg = Debug|Any CPU
		{A16BFCB3-DFB9-DF43-51E1-F09B0B2AB11F}.Debug|Any CPU.Build.0 = Debug|Any CPU
		{A16BFCB3-DFB9-DF43-51E1-F09B0B2AB11F}.Debug|x64.ActiveCfg = Debug|Any CPU
		{A16BFCB3-DFB9-DF43-51E1-F09B0B2AB11F}.Debug|x64.Build.0 = Debug|Any CPU
		{A16BFCB3-DFB9-DF43-51E1-F09B0B2AB11F}.Debug|x86.ActiveCfg = Debug|Any CPU
		{A16BFCB3-DFB9-DF43-51E1-F09B0B2AB11F}.Debug|x86.Build.0 = Debug|Any CPU
		{A16BFCB3-DFB9-DF43-51E1-F09B0B2AB11F}.Release|Any CPU.ActiveCfg = Release|Any CPU
		{A16BFCB3-DFB9-DF43-51E1-F09B0B2AB11F}.Release|Any CPU.Build.0 = Release|Any CPU
		{A16BFCB3-DFB9-DF43-51E1-F09B0B2AB11F}.Release|x64.ActiveCfg = Release|Any CPU
		{A16BFCB3-DFB9-DF43-51E1-F09B0B2AB11F}.Release|x64.Build.0 = Release|Any CPU
		{A16BFCB3-DFB9-DF43-51E1-F09B0B2AB11F}.Release|x86.ActiveCfg = Release|Any CPU
		{A16BFCB3-DFB9-DF43-51E1-F09B0B2AB11F}.Release|x86.Build.0 = Release|Any CPU
		{C413D0AA-890F-90D8-7889-CD59E161A705}.Debug|Any CPU.ActiveCfg = Debug|Any CPU
		{C413D0AA-890F-90D8-7889-CD59E161A705}.Debug|Any CPU.Build.0 = Debug|Any CPU
		{C413D0AA-890F-90D8-7889-CD59E161A705}.Debug|x64.ActiveCfg = Debug|Any CPU
		{C413D0AA-890F-90D8-7889-CD59E161A705}.Debug|x64.Build.0 = Debug|Any CPU
		{C413D0AA-890F-90D8-7889-CD59E161A705}.Debug|x86.ActiveCfg = Debug|Any CPU
		{C413D0AA-890F-90D8-7889-CD59E161A705}.Debug|x86.Build.0 = Debug|Any CPU
		{C413D0AA-890F-90D8-7889-CD59E161A705}.Release|Any CPU.ActiveCfg = Release|Any CPU
		{C413D0AA-890F-90D8-7889-CD59E161A705}.Release|Any CPU.Build.0 = Release|Any CPU
		{C413D0AA-890F-90D8-7889-CD59E161A705}.Release|x64.ActiveCfg = Release|Any CPU
		{C413D0AA-890F-90D8-7889-CD59E161A705}.Release|x64.Build.0 = Release|Any CPU
		{C413D0AA-890F-90D8-7889-CD59E161A705}.Release|x86.ActiveCfg = Release|Any CPU
		{C413D0AA-890F-90D8-7889-CD59E161A705}.Release|x86.Build.0 = Release|Any CPU
		{01B5EF3D-8730-405E-AC0F-17C24F22D07F}.Debug|Any CPU.ActiveCfg = Debug|Any CPU
		{01B5EF3D-8730-405E-AC0F-17C24F22D07F}.Debug|Any CPU.Build.0 = Debug|Any CPU
		{01B5EF3D-8730-405E-AC0F-17C24F22D07F}.Debug|x64.ActiveCfg = Debug|Any CPU
		{01B5EF3D-8730-405E-AC0F-17C24F22D07F}.Debug|x64.Build.0 = Debug|Any CPU
		{01B5EF3D-8730-405E-AC0F-17C24F22D07F}.Debug|x86.ActiveCfg = Debug|Any CPU
		{01B5EF3D-8730-405E-AC0F-17C24F22D07F}.Debug|x86.Build.0 = Debug|Any CPU
		{01B5EF3D-8730-405E-AC0F-17C24F22D07F}.Release|Any CPU.ActiveCfg = Release|Any CPU
		{01B5EF3D-8730-405E-AC0F-17C24F22D07F}.Release|Any CPU.Build.0 = Release|Any CPU
		{01B5EF3D-8730-405E-AC0F-17C24F22D07F}.Release|x64.ActiveCfg = Release|Any CPU
		{01B5EF3D-8730-405E-AC0F-17C24F22D07F}.Release|x64.Build.0 = Release|Any CPU
		{01B5EF3D-8730-405E-AC0F-17C24F22D07F}.Release|x86.ActiveCfg = Release|Any CPU
		{01B5EF3D-8730-405E-AC0F-17C24F22D07F}.Release|x86.Build.0 = Release|Any CPU
		{25217185-3C2F-4023-8F26-33E4A67FF7C9}.Debug|Any CPU.ActiveCfg = Debug|Any CPU
		{25217185-3C2F-4023-8F26-33E4A67FF7C9}.Debug|Any CPU.Build.0 = Debug|Any CPU
		{25217185-3C2F-4023-8F26-33E4A67FF7C9}.Debug|x64.ActiveCfg = Debug|Any CPU
		{25217185-3C2F-4023-8F26-33E4A67FF7C9}.Debug|x64.Build.0 = Debug|Any CPU
		{25217185-3C2F-4023-8F26-33E4A67FF7C9}.Debug|x86.ActiveCfg = Debug|Any CPU
		{25217185-3C2F-4023-8F26-33E4A67FF7C9}.Debug|x86.Build.0 = Debug|Any CPU
		{25217185-3C2F-4023-8F26-33E4A67FF7C9}.Release|Any CPU.ActiveCfg = Release|Any CPU
		{25217185-3C2F-4023-8F26-33E4A67FF7C9}.Release|Any CPU.Build.0 = Release|Any CPU
		{25217185-3C2F-4023-8F26-33E4A67FF7C9}.Release|x64.ActiveCfg = Release|Any CPU
		{25217185-3C2F-4023-8F26-33E4A67FF7C9}.Release|x64.Build.0 = Release|Any CPU
		{25217185-3C2F-4023-8F26-33E4A67FF7C9}.Release|x86.ActiveCfg = Release|Any CPU
		{25217185-3C2F-4023-8F26-33E4A67FF7C9}.Release|x86.Build.0 = Release|Any CPU
		{B363F72D-21DA-BC4B-49FD-D4A0AFA89052}.Debug|Any CPU.ActiveCfg = Debug|Any CPU
		{B363F72D-21DA-BC4B-49FD-D4A0AFA89052}.Debug|Any CPU.Build.0 = Debug|Any CPU
		{B363F72D-21DA-BC4B-49FD-D4A0AFA89052}.Debug|x64.ActiveCfg = Debug|Any CPU
		{B363F72D-21DA-BC4B-49FD-D4A0AFA89052}.Debug|x64.Build.0 = Debug|Any CPU
		{B363F72D-21DA-BC4B-49FD-D4A0AFA89052}.Debug|x86.ActiveCfg = Debug|Any CPU
		{B363F72D-21DA-BC4B-49FD-D4A0AFA89052}.Debug|x86.Build.0 = Debug|Any CPU
		{B363F72D-21DA-BC4B-49FD-D4A0AFA89052}.Release|Any CPU.ActiveCfg = Release|Any CPU
		{B363F72D-21DA-BC4B-49FD-D4A0AFA89052}.Release|Any CPU.Build.0 = Release|Any CPU
		{B363F72D-21DA-BC4B-49FD-D4A0AFA89052}.Release|x64.ActiveCfg = Release|Any CPU
		{B363F72D-21DA-BC4B-49FD-D4A0AFA89052}.Release|x64.Build.0 = Release|Any CPU
		{B363F72D-21DA-BC4B-49FD-D4A0AFA89052}.Release|x86.ActiveCfg = Release|Any CPU
		{B363F72D-21DA-BC4B-49FD-D4A0AFA89052}.Release|x86.Build.0 = Release|Any CPU
		{BE60B49E-88AF-40BD-8953-5B4E5AD9D5AC}.Debug|Any CPU.ActiveCfg = Debug|Any CPU
		{BE60B49E-88AF-40BD-8953-5B4E5AD9D5AC}.Debug|Any CPU.Build.0 = Debug|Any CPU
		{BE60B49E-88AF-40BD-8953-5B4E5AD9D5AC}.Debug|x64.ActiveCfg = Debug|Any CPU
		{BE60B49E-88AF-40BD-8953-5B4E5AD9D5AC}.Debug|x64.Build.0 = Debug|Any CPU
		{BE60B49E-88AF-40BD-8953-5B4E5AD9D5AC}.Debug|x86.ActiveCfg = Debug|Any CPU
		{BE60B49E-88AF-40BD-8953-5B4E5AD9D5AC}.Debug|x86.Build.0 = Debug|Any CPU
		{BE60B49E-88AF-40BD-8953-5B4E5AD9D5AC}.Release|Any CPU.ActiveCfg = Release|Any CPU
		{BE60B49E-88AF-40BD-8953-5B4E5AD9D5AC}.Release|Any CPU.Build.0 = Release|Any CPU
		{BE60B49E-88AF-40BD-8953-5B4E5AD9D5AC}.Release|x64.ActiveCfg = Release|Any CPU
		{BE60B49E-88AF-40BD-8953-5B4E5AD9D5AC}.Release|x64.Build.0 = Release|Any CPU
		{BE60B49E-88AF-40BD-8953-5B4E5AD9D5AC}.Release|x86.ActiveCfg = Release|Any CPU
		{BE60B49E-88AF-40BD-8953-5B4E5AD9D5AC}.Release|x86.Build.0 = Release|Any CPU
		{6530D1BF-D273-4C6D-8038-BEA158C16C71}.Debug|Any CPU.ActiveCfg = Debug|Any CPU
		{6530D1BF-D273-4C6D-8038-BEA158C16C71}.Debug|Any CPU.Build.0 = Debug|Any CPU
		{6530D1BF-D273-4C6D-8038-BEA158C16C71}.Debug|x64.ActiveCfg = Debug|Any CPU
		{6530D1BF-D273-4C6D-8038-BEA158C16C71}.Debug|x64.Build.0 = Debug|Any CPU
		{6530D1BF-D273-4C6D-8038-BEA158C16C71}.Debug|x86.ActiveCfg = Debug|Any CPU
		{6530D1BF-D273-4C6D-8038-BEA158C16C71}.Debug|x86.Build.0 = Debug|Any CPU
		{6530D1BF-D273-4C6D-8038-BEA158C16C71}.Release|Any CPU.ActiveCfg = Release|Any CPU
		{6530D1BF-D273-4C6D-8038-BEA158C16C71}.Release|Any CPU.Build.0 = Release|Any CPU
		{6530D1BF-D273-4C6D-8038-BEA158C16C71}.Release|x64.ActiveCfg = Release|Any CPU
		{6530D1BF-D273-4C6D-8038-BEA158C16C71}.Release|x64.Build.0 = Release|Any CPU
		{6530D1BF-D273-4C6D-8038-BEA158C16C71}.Release|x86.ActiveCfg = Release|Any CPU
		{6530D1BF-D273-4C6D-8038-BEA158C16C71}.Release|x86.Build.0 = Release|Any CPU
		{68EC52A3-D3E7-4FE6-BEA8-7352036CFBF6}.Debug|Any CPU.ActiveCfg = Debug|Any CPU
		{68EC52A3-D3E7-4FE6-BEA8-7352036CFBF6}.Debug|Any CPU.Build.0 = Debug|Any CPU
		{68EC52A3-D3E7-4FE6-BEA8-7352036CFBF6}.Debug|x64.ActiveCfg = Debug|Any CPU
		{68EC52A3-D3E7-4FE6-BEA8-7352036CFBF6}.Debug|x64.Build.0 = Debug|Any CPU
		{68EC52A3-D3E7-4FE6-BEA8-7352036CFBF6}.Debug|x86.ActiveCfg = Debug|Any CPU
		{68EC52A3-D3E7-4FE6-BEA8-7352036CFBF6}.Debug|x86.Build.0 = Debug|Any CPU
		{68EC52A3-D3E7-4FE6-BEA8-7352036CFBF6}.Release|Any CPU.ActiveCfg = Release|Any CPU
		{68EC52A3-D3E7-4FE6-BEA8-7352036CFBF6}.Release|Any CPU.Build.0 = Release|Any CPU
		{68EC52A3-D3E7-4FE6-BEA8-7352036CFBF6}.Release|x64.ActiveCfg = Release|Any CPU
		{68EC52A3-D3E7-4FE6-BEA8-7352036CFBF6}.Release|x64.Build.0 = Release|Any CPU
		{68EC52A3-D3E7-4FE6-BEA8-7352036CFBF6}.Release|x86.ActiveCfg = Release|Any CPU
		{68EC52A3-D3E7-4FE6-BEA8-7352036CFBF6}.Release|x86.Build.0 = Release|Any CPU
		{D06B661C-FD14-43D6-959F-56C7C4EECEDF}.Debug|Any CPU.ActiveCfg = Debug|Any CPU
		{D06B661C-FD14-43D6-959F-56C7C4EECEDF}.Debug|Any CPU.Build.0 = Debug|Any CPU
		{D06B661C-FD14-43D6-959F-56C7C4EECEDF}.Debug|x64.ActiveCfg = Debug|Any CPU
		{D06B661C-FD14-43D6-959F-56C7C4EECEDF}.Debug|x64.Build.0 = Debug|Any CPU
		{D06B661C-FD14-43D6-959F-56C7C4EECEDF}.Debug|x86.ActiveCfg = Debug|Any CPU
		{D06B661C-FD14-43D6-959F-56C7C4EECEDF}.Debug|x86.Build.0 = Debug|Any CPU
		{D06B661C-FD14-43D6-959F-56C7C4EECEDF}.Release|Any CPU.ActiveCfg = Release|Any CPU
		{D06B661C-FD14-43D6-959F-56C7C4EECEDF}.Release|Any CPU.Build.0 = Release|Any CPU
		{D06B661C-FD14-43D6-959F-56C7C4EECEDF}.Release|x64.ActiveCfg = Release|Any CPU
		{D06B661C-FD14-43D6-959F-56C7C4EECEDF}.Release|x64.Build.0 = Release|Any CPU
		{D06B661C-FD14-43D6-959F-56C7C4EECEDF}.Release|x86.ActiveCfg = Release|Any CPU
		{D06B661C-FD14-43D6-959F-56C7C4EECEDF}.Release|x86.Build.0 = Release|Any CPU
		{E510BCD3-BC98-5D33-A536-7EAE9FD02258}.Debug|Any CPU.ActiveCfg = Debug|Any CPU
		{E510BCD3-BC98-5D33-A536-7EAE9FD02258}.Debug|Any CPU.Build.0 = Debug|Any CPU
		{E510BCD3-BC98-5D33-A536-7EAE9FD02258}.Debug|x64.ActiveCfg = Debug|Any CPU
		{E510BCD3-BC98-5D33-A536-7EAE9FD02258}.Debug|x64.Build.0 = Debug|Any CPU
		{E510BCD3-BC98-5D33-A536-7EAE9FD02258}.Debug|x86.ActiveCfg = Debug|Any CPU
		{E510BCD3-BC98-5D33-A536-7EAE9FD02258}.Debug|x86.Build.0 = Debug|Any CPU
		{E510BCD3-BC98-5D33-A536-7EAE9FD02258}.Release|Any CPU.ActiveCfg = Release|Any CPU
		{E510BCD3-BC98-5D33-A536-7EAE9FD02258}.Release|Any CPU.Build.0 = Release|Any CPU
		{E510BCD3-BC98-5D33-A536-7EAE9FD02258}.Release|x64.ActiveCfg = Release|Any CPU
		{E510BCD3-BC98-5D33-A536-7EAE9FD02258}.Release|x64.Build.0 = Release|Any CPU
		{E510BCD3-BC98-5D33-A536-7EAE9FD02258}.Release|x86.ActiveCfg = Release|Any CPU
		{E510BCD3-BC98-5D33-A536-7EAE9FD02258}.Release|x86.Build.0 = Release|Any CPU
		{4483F3C7-8186-4E09-94CA-B90B720455C1}.Debug|Any CPU.ActiveCfg = Debug|Any CPU
		{4483F3C7-8186-4E09-94CA-B90B720455C1}.Debug|Any CPU.Build.0 = Debug|Any CPU
		{4483F3C7-8186-4E09-94CA-B90B720455C1}.Debug|x64.ActiveCfg = Debug|Any CPU
		{4483F3C7-8186-4E09-94CA-B90B720455C1}.Debug|x64.Build.0 = Debug|Any CPU
		{4483F3C7-8186-4E09-94CA-B90B720455C1}.Debug|x86.ActiveCfg = Debug|Any CPU
		{4483F3C7-8186-4E09-94CA-B90B720455C1}.Debug|x86.Build.0 = Debug|Any CPU
		{4483F3C7-8186-4E09-94CA-B90B720455C1}.Release|Any CPU.ActiveCfg = Release|Any CPU
		{4483F3C7-8186-4E09-94CA-B90B720455C1}.Release|Any CPU.Build.0 = Release|Any CPU
		{4483F3C7-8186-4E09-94CA-B90B720455C1}.Release|x64.ActiveCfg = Release|Any CPU
		{4483F3C7-8186-4E09-94CA-B90B720455C1}.Release|x64.Build.0 = Release|Any CPU
		{4483F3C7-8186-4E09-94CA-B90B720455C1}.Release|x86.ActiveCfg = Release|Any CPU
		{4483F3C7-8186-4E09-94CA-B90B720455C1}.Release|x86.Build.0 = Release|Any CPU
		{0F5BF05C-D523-4E7A-A5ED-1B0C911B7D7A}.Debug|Any CPU.ActiveCfg = Debug|Any CPU
		{0F5BF05C-D523-4E7A-A5ED-1B0C911B7D7A}.Debug|Any CPU.Build.0 = Debug|Any CPU
		{0F5BF05C-D523-4E7A-A5ED-1B0C911B7D7A}.Debug|x64.ActiveCfg = Debug|Any CPU
		{0F5BF05C-D523-4E7A-A5ED-1B0C911B7D7A}.Debug|x64.Build.0 = Debug|Any CPU
		{0F5BF05C-D523-4E7A-A5ED-1B0C911B7D7A}.Debug|x86.ActiveCfg = Debug|Any CPU
		{0F5BF05C-D523-4E7A-A5ED-1B0C911B7D7A}.Debug|x86.Build.0 = Debug|Any CPU
		{0F5BF05C-D523-4E7A-A5ED-1B0C911B7D7A}.Release|Any CPU.ActiveCfg = Release|Any CPU
		{0F5BF05C-D523-4E7A-A5ED-1B0C911B7D7A}.Release|Any CPU.Build.0 = Release|Any CPU
		{0F5BF05C-D523-4E7A-A5ED-1B0C911B7D7A}.Release|x64.ActiveCfg = Release|Any CPU
		{0F5BF05C-D523-4E7A-A5ED-1B0C911B7D7A}.Release|x64.Build.0 = Release|Any CPU
		{0F5BF05C-D523-4E7A-A5ED-1B0C911B7D7A}.Release|x86.ActiveCfg = Release|Any CPU
		{0F5BF05C-D523-4E7A-A5ED-1B0C911B7D7A}.Release|x86.Build.0 = Release|Any CPU
		{38C36D13-0FD7-EC02-3C44-20ED914D425B}.Debug|Any CPU.ActiveCfg = Debug|Any CPU
		{38C36D13-0FD7-EC02-3C44-20ED914D425B}.Debug|Any CPU.Build.0 = Debug|Any CPU
		{38C36D13-0FD7-EC02-3C44-20ED914D425B}.Debug|x64.ActiveCfg = Debug|Any CPU
		{38C36D13-0FD7-EC02-3C44-20ED914D425B}.Debug|x64.Build.0 = Debug|Any CPU
		{38C36D13-0FD7-EC02-3C44-20ED914D425B}.Debug|x86.ActiveCfg = Debug|Any CPU
		{38C36D13-0FD7-EC02-3C44-20ED914D425B}.Debug|x86.Build.0 = Debug|Any CPU
		{38C36D13-0FD7-EC02-3C44-20ED914D425B}.Release|Any CPU.ActiveCfg = Release|Any CPU
		{38C36D13-0FD7-EC02-3C44-20ED914D425B}.Release|Any CPU.Build.0 = Release|Any CPU
		{38C36D13-0FD7-EC02-3C44-20ED914D425B}.Release|x64.ActiveCfg = Release|Any CPU
		{38C36D13-0FD7-EC02-3C44-20ED914D425B}.Release|x64.Build.0 = Release|Any CPU
		{38C36D13-0FD7-EC02-3C44-20ED914D425B}.Release|x86.ActiveCfg = Release|Any CPU
		{38C36D13-0FD7-EC02-3C44-20ED914D425B}.Release|x86.Build.0 = Release|Any CPU
		{45A44ED5-37CD-FFEA-C7D6-0FC5A693F2D4}.Debug|Any CPU.ActiveCfg = Debug|Any CPU
		{45A44ED5-37CD-FFEA-C7D6-0FC5A693F2D4}.Debug|Any CPU.Build.0 = Debug|Any CPU
		{45A44ED5-37CD-FFEA-C7D6-0FC5A693F2D4}.Debug|x64.ActiveCfg = Debug|Any CPU
		{45A44ED5-37CD-FFEA-C7D6-0FC5A693F2D4}.Debug|x64.Build.0 = Debug|Any CPU
		{45A44ED5-37CD-FFEA-C7D6-0FC5A693F2D4}.Debug|x86.ActiveCfg = Debug|Any CPU
		{45A44ED5-37CD-FFEA-C7D6-0FC5A693F2D4}.Debug|x86.Build.0 = Debug|Any CPU
		{45A44ED5-37CD-FFEA-C7D6-0FC5A693F2D4}.Release|Any CPU.ActiveCfg = Release|Any CPU
		{45A44ED5-37CD-FFEA-C7D6-0FC5A693F2D4}.Release|Any CPU.Build.0 = Release|Any CPU
		{45A44ED5-37CD-FFEA-C7D6-0FC5A693F2D4}.Release|x64.ActiveCfg = Release|Any CPU
		{45A44ED5-37CD-FFEA-C7D6-0FC5A693F2D4}.Release|x64.Build.0 = Release|Any CPU
		{45A44ED5-37CD-FFEA-C7D6-0FC5A693F2D4}.Release|x86.ActiveCfg = Release|Any CPU
		{45A44ED5-37CD-FFEA-C7D6-0FC5A693F2D4}.Release|x86.Build.0 = Release|Any CPU
		{FD29A8FC-1CEA-CBD9-ACAB-905F33CDC56E}.Debug|Any CPU.ActiveCfg = Debug|Any CPU
		{FD29A8FC-1CEA-CBD9-ACAB-905F33CDC56E}.Debug|Any CPU.Build.0 = Debug|Any CPU
		{FD29A8FC-1CEA-CBD9-ACAB-905F33CDC56E}.Debug|x64.ActiveCfg = Debug|Any CPU
		{FD29A8FC-1CEA-CBD9-ACAB-905F33CDC56E}.Debug|x64.Build.0 = Debug|Any CPU
		{FD29A8FC-1CEA-CBD9-ACAB-905F33CDC56E}.Debug|x86.ActiveCfg = Debug|Any CPU
		{FD29A8FC-1CEA-CBD9-ACAB-905F33CDC56E}.Debug|x86.Build.0 = Debug|Any CPU
		{FD29A8FC-1CEA-CBD9-ACAB-905F33CDC56E}.Release|Any CPU.ActiveCfg = Release|Any CPU
		{FD29A8FC-1CEA-CBD9-ACAB-905F33CDC56E}.Release|Any CPU.Build.0 = Release|Any CPU
		{FD29A8FC-1CEA-CBD9-ACAB-905F33CDC56E}.Release|x64.ActiveCfg = Release|Any CPU
		{FD29A8FC-1CEA-CBD9-ACAB-905F33CDC56E}.Release|x64.Build.0 = Release|Any CPU
		{FD29A8FC-1CEA-CBD9-ACAB-905F33CDC56E}.Release|x86.ActiveCfg = Release|Any CPU
		{FD29A8FC-1CEA-CBD9-ACAB-905F33CDC56E}.Release|x86.Build.0 = Release|Any CPU
		{5A564779-7B59-43B6-8FD7-AF602D70AB4C}.Debug|Any CPU.ActiveCfg = Debug|Any CPU
		{5A564779-7B59-43B6-8FD7-AF602D70AB4C}.Debug|Any CPU.Build.0 = Debug|Any CPU
		{5A564779-7B59-43B6-8FD7-AF602D70AB4C}.Debug|x64.ActiveCfg = Debug|Any CPU
		{5A564779-7B59-43B6-8FD7-AF602D70AB4C}.Debug|x64.Build.0 = Debug|Any CPU
		{5A564779-7B59-43B6-8FD7-AF602D70AB4C}.Debug|x86.ActiveCfg = Debug|Any CPU
		{5A564779-7B59-43B6-8FD7-AF602D70AB4C}.Debug|x86.Build.0 = Debug|Any CPU
		{5A564779-7B59-43B6-8FD7-AF602D70AB4C}.Release|Any CPU.ActiveCfg = Release|Any CPU
		{5A564779-7B59-43B6-8FD7-AF602D70AB4C}.Release|Any CPU.Build.0 = Release|Any CPU
		{5A564779-7B59-43B6-8FD7-AF602D70AB4C}.Release|x64.ActiveCfg = Release|Any CPU
		{5A564779-7B59-43B6-8FD7-AF602D70AB4C}.Release|x64.Build.0 = Release|Any CPU
		{5A564779-7B59-43B6-8FD7-AF602D70AB4C}.Release|x86.ActiveCfg = Release|Any CPU
		{5A564779-7B59-43B6-8FD7-AF602D70AB4C}.Release|x86.Build.0 = Release|Any CPU
		{37E83918-D47C-4ED5-A31B-79891C11E50A}.Debug|Any CPU.ActiveCfg = Debug|Any CPU
		{37E83918-D47C-4ED5-A31B-79891C11E50A}.Debug|Any CPU.Build.0 = Debug|Any CPU
		{37E83918-D47C-4ED5-A31B-79891C11E50A}.Debug|x64.ActiveCfg = Debug|Any CPU
		{37E83918-D47C-4ED5-A31B-79891C11E50A}.Debug|x64.Build.0 = Debug|Any CPU
		{37E83918-D47C-4ED5-A31B-79891C11E50A}.Debug|x86.ActiveCfg = Debug|Any CPU
		{37E83918-D47C-4ED5-A31B-79891C11E50A}.Debug|x86.Build.0 = Debug|Any CPU
		{37E83918-D47C-4ED5-A31B-79891C11E50A}.Release|Any CPU.ActiveCfg = Release|Any CPU
		{37E83918-D47C-4ED5-A31B-79891C11E50A}.Release|Any CPU.Build.0 = Release|Any CPU
		{37E83918-D47C-4ED5-A31B-79891C11E50A}.Release|x64.ActiveCfg = Release|Any CPU
		{37E83918-D47C-4ED5-A31B-79891C11E50A}.Release|x64.Build.0 = Release|Any CPU
		{37E83918-D47C-4ED5-A31B-79891C11E50A}.Release|x86.ActiveCfg = Release|Any CPU
		{37E83918-D47C-4ED5-A31B-79891C11E50A}.Release|x86.Build.0 = Release|Any CPU
		{9B1E3F9B-392D-42C4-B914-BE21D3C747B4}.Debug|Any CPU.ActiveCfg = Debug|Any CPU
		{9B1E3F9B-392D-42C4-B914-BE21D3C747B4}.Debug|Any CPU.Build.0 = Debug|Any CPU
		{9B1E3F9B-392D-42C4-B914-BE21D3C747B4}.Debug|x64.ActiveCfg = Debug|Any CPU
		{9B1E3F9B-392D-42C4-B914-BE21D3C747B4}.Debug|x64.Build.0 = Debug|Any CPU
		{9B1E3F9B-392D-42C4-B914-BE21D3C747B4}.Debug|x86.ActiveCfg = Debug|Any CPU
		{9B1E3F9B-392D-42C4-B914-BE21D3C747B4}.Debug|x86.Build.0 = Debug|Any CPU
		{9B1E3F9B-392D-42C4-B914-BE21D3C747B4}.Release|Any CPU.ActiveCfg = Release|Any CPU
		{9B1E3F9B-392D-42C4-B914-BE21D3C747B4}.Release|Any CPU.Build.0 = Release|Any CPU
		{9B1E3F9B-392D-42C4-B914-BE21D3C747B4}.Release|x64.ActiveCfg = Release|Any CPU
		{9B1E3F9B-392D-42C4-B914-BE21D3C747B4}.Release|x64.Build.0 = Release|Any CPU
		{9B1E3F9B-392D-42C4-B914-BE21D3C747B4}.Release|x86.ActiveCfg = Release|Any CPU
		{9B1E3F9B-392D-42C4-B914-BE21D3C747B4}.Release|x86.Build.0 = Release|Any CPU
		{F9B65A68-0C71-ED2B-05D4-CC923173A29D}.Debug|Any CPU.ActiveCfg = Debug|Any CPU
		{F9B65A68-0C71-ED2B-05D4-CC923173A29D}.Debug|Any CPU.Build.0 = Debug|Any CPU
		{F9B65A68-0C71-ED2B-05D4-CC923173A29D}.Debug|x64.ActiveCfg = Debug|Any CPU
		{F9B65A68-0C71-ED2B-05D4-CC923173A29D}.Debug|x64.Build.0 = Debug|Any CPU
		{F9B65A68-0C71-ED2B-05D4-CC923173A29D}.Debug|x86.ActiveCfg = Debug|Any CPU
		{F9B65A68-0C71-ED2B-05D4-CC923173A29D}.Debug|x86.Build.0 = Debug|Any CPU
		{F9B65A68-0C71-ED2B-05D4-CC923173A29D}.Release|Any CPU.ActiveCfg = Release|Any CPU
		{F9B65A68-0C71-ED2B-05D4-CC923173A29D}.Release|Any CPU.Build.0 = Release|Any CPU
		{F9B65A68-0C71-ED2B-05D4-CC923173A29D}.Release|x64.ActiveCfg = Release|Any CPU
		{F9B65A68-0C71-ED2B-05D4-CC923173A29D}.Release|x64.Build.0 = Release|Any CPU
		{F9B65A68-0C71-ED2B-05D4-CC923173A29D}.Release|x86.ActiveCfg = Release|Any CPU
		{F9B65A68-0C71-ED2B-05D4-CC923173A29D}.Release|x86.Build.0 = Release|Any CPU
		{EF45D389-18E9-4200-9F74-C03A028FACBB}.Debug|Any CPU.ActiveCfg = Debug|Any CPU
		{EF45D389-18E9-4200-9F74-C03A028FACBB}.Debug|Any CPU.Build.0 = Debug|Any CPU
		{EF45D389-18E9-4200-9F74-C03A028FACBB}.Debug|x64.ActiveCfg = Debug|Any CPU
		{EF45D389-18E9-4200-9F74-C03A028FACBB}.Debug|x64.Build.0 = Debug|Any CPU
		{EF45D389-18E9-4200-9F74-C03A028FACBB}.Debug|x86.ActiveCfg = Debug|Any CPU
		{EF45D389-18E9-4200-9F74-C03A028FACBB}.Debug|x86.Build.0 = Debug|Any CPU
		{EF45D389-18E9-4200-9F74-C03A028FACBB}.Release|Any CPU.ActiveCfg = Release|Any CPU
		{EF45D389-18E9-4200-9F74-C03A028FACBB}.Release|Any CPU.Build.0 = Release|Any CPU
		{EF45D389-18E9-4200-9F74-C03A028FACBB}.Release|x64.ActiveCfg = Release|Any CPU
		{EF45D389-18E9-4200-9F74-C03A028FACBB}.Release|x64.Build.0 = Release|Any CPU
		{EF45D389-18E9-4200-9F74-C03A028FACBB}.Release|x86.ActiveCfg = Release|Any CPU
		{EF45D389-18E9-4200-9F74-C03A028FACBB}.Release|x86.Build.0 = Release|Any CPU
		{2EDB538D-32C3-6BC5-30B3-AA5E4220288B}.Debug|Any CPU.ActiveCfg = Debug|Any CPU
		{2EDB538D-32C3-6BC5-30B3-AA5E4220288B}.Debug|Any CPU.Build.0 = Debug|Any CPU
		{2EDB538D-32C3-6BC5-30B3-AA5E4220288B}.Debug|x64.ActiveCfg = Debug|Any CPU
		{2EDB538D-32C3-6BC5-30B3-AA5E4220288B}.Debug|x64.Build.0 = Debug|Any CPU
		{2EDB538D-32C3-6BC5-30B3-AA5E4220288B}.Debug|x86.ActiveCfg = Debug|Any CPU
		{2EDB538D-32C3-6BC5-30B3-AA5E4220288B}.Debug|x86.Build.0 = Debug|Any CPU
		{2EDB538D-32C3-6BC5-30B3-AA5E4220288B}.Release|Any CPU.ActiveCfg = Release|Any CPU
		{2EDB538D-32C3-6BC5-30B3-AA5E4220288B}.Release|Any CPU.Build.0 = Release|Any CPU
		{2EDB538D-32C3-6BC5-30B3-AA5E4220288B}.Release|x64.ActiveCfg = Release|Any CPU
		{2EDB538D-32C3-6BC5-30B3-AA5E4220288B}.Release|x64.Build.0 = Release|Any CPU
		{2EDB538D-32C3-6BC5-30B3-AA5E4220288B}.Release|x86.ActiveCfg = Release|Any CPU
		{2EDB538D-32C3-6BC5-30B3-AA5E4220288B}.Release|x86.Build.0 = Release|Any CPU
	EndGlobalSection
	GlobalSection(SolutionProperties) = preSolution
		HideSolutionNode = FALSE
	EndGlobalSection
	GlobalSection(NestedProjects) = preSolution
		{02EA681E-C7D8-13C7-8484-4AC65E1B71E8} = {C005E618-80C1-4CCD-9774-336D558E958F}
		{D8475FB6-8FFD-4252-BF79-1BC0AF31A524} = {C005E618-80C1-4CCD-9774-336D558E958F}
		{987A2C73-51DA-4FCE-AEF0-DFB7C4B23F2E} = {C005E618-80C1-4CCD-9774-336D558E958F}
		{925ACEE6-F02D-4573-8653-EE865CF90C82} = {C005E618-80C1-4CCD-9774-336D558E958F}
		{9D4452BA-4451-A03A-7DE1-712A4076B3F8} = {C005E618-80C1-4CCD-9774-336D558E958F}
		{BB579A44-29C4-B677-0418-16A845C8AEBC} = {C005E618-80C1-4CCD-9774-336D558E958F}
		{D0371130-27F9-B7D8-FE04-ACF90D595319} = {D8475FB6-8FFD-4252-BF79-1BC0AF31A524}
		{3D656864-1885-0A68-97A6-340AB3D81925} = {D8475FB6-8FFD-4252-BF79-1BC0AF31A524}
		{77E62974-35A3-0FA2-FF27-CFD68A9877F4} = {D8475FB6-8FFD-4252-BF79-1BC0AF31A524}
		{2EE67FAA-96C3-D368-48F7-D299A58066AE} = {D8475FB6-8FFD-4252-BF79-1BC0AF31A524}
		{D76647D9-7DDE-E060-A706-EF5DD372B436} = {987A2C73-51DA-4FCE-AEF0-DFB7C4B23F2E}
		{E15F8007-E755-7BAC-D881-9DEE27001C61} = {987A2C73-51DA-4FCE-AEF0-DFB7C4B23F2E}
		{2A80FF2F-5F69-22CB-4F8E-C9B9759D6564} = {987A2C73-51DA-4FCE-AEF0-DFB7C4B23F2E}
		{C3A970DA-2DBF-81C9-312C-9C96EE7D665C} = {02EA681E-C7D8-13C7-8484-4AC65E1B71E8}
		{ED8FA1ED-3232-8A1A-A6C0-D6D165864B67} = {925ACEE6-F02D-4573-8653-EE865CF90C82}
		{25217185-3C2F-4023-8F26-33E4A67FF7C9} = {D8475FB6-8FFD-4252-BF79-1BC0AF31A524}
		{BE60B49E-88AF-40BD-8953-5B4E5AD9D5AC} = {D8475FB6-8FFD-4252-BF79-1BC0AF31A524}
		{6530D1BF-D273-4C6D-8038-BEA158C16C71} = {02EA681E-C7D8-13C7-8484-4AC65E1B71E8}
		{68EC52A3-D3E7-4FE6-BEA8-7352036CFBF6} = {FC7280B4-F6FF-4E00-B8C0-6C5F6FA6219C}
		{D06B661C-FD14-43D6-959F-56C7C4EECEDF} = {FC7280B4-F6FF-4E00-B8C0-6C5F6FA6219C}
		{E510BCD3-BC98-5D33-A536-7EAE9FD02258} = {987A2C73-51DA-4FCE-AEF0-DFB7C4B23F2E}
		{4483F3C7-8186-4E09-94CA-B90B720455C1} = {987A2C73-51DA-4FCE-AEF0-DFB7C4B23F2E}
		{38C36D13-0FD7-EC02-3C44-20ED914D425B} = {FC7280B4-F6FF-4E00-B8C0-6C5F6FA6219C}
		{45A44ED5-37CD-FFEA-C7D6-0FC5A693F2D4} = {D8475FB6-8FFD-4252-BF79-1BC0AF31A524}
		{FD29A8FC-1CEA-CBD9-ACAB-905F33CDC56E} = {D8475FB6-8FFD-4252-BF79-1BC0AF31A524}
		{37E83918-D47C-4ED5-A31B-79891C11E50A} = {987A2C73-51DA-4FCE-AEF0-DFB7C4B23F2E}
		{9B1E3F9B-392D-42C4-B914-BE21D3C747B4} = {D8475FB6-8FFD-4252-BF79-1BC0AF31A524}
		{BC1ABD0D-F891-4D94-93F0-AFC5419064B4} = {C005E618-80C1-4CCD-9774-336D558E958F}
		{F9B65A68-0C71-ED2B-05D4-CC923173A29D} = {BC1ABD0D-F891-4D94-93F0-AFC5419064B4}
		{27D717A2-2D38-CC4B-31CB-4E7766E63750} = {30258541-D0D8-F3FD-D559-E63D6BF074C2}
		{F52AD44A-3347-8C58-27BC-12A26179E9E0} = {27D717A2-2D38-CC4B-31CB-4E7766E63750}
		{EF45D389-18E9-4200-9F74-C03A028FACBB} = {F52AD44A-3347-8C58-27BC-12A26179E9E0}
		{2EDB538D-32C3-6BC5-30B3-AA5E4220288B} = {D8475FB6-8FFD-4252-BF79-1BC0AF31A524}
	EndGlobalSection
	GlobalSection(ExtensibilityGlobals) = postSolution
		SolutionGuid = {92EB50C5-075F-4AF3-8107-0DC9EDBBAB83}
	EndGlobalSection
EndGlobal
