
Microsoft Visual Studio Solution File, Format Version 12.00
# Visual Studio Version 17
VisualStudioVersion = 17.14.36310.24
MinimumVisualStudioVersion = 10.0.40219.1
Project("{FAE04EC0-301F-11D3-BF4B-00C04F79EFBC}") = "ThunderbirdsBoardGameEngine.GameData.Api", "ThunderbirdsBoardGameEngine.GameData.Api\ThunderbirdsBoardGameEngine.GameData.Api.csproj", "{A76FE72B-9451-4690-9D4A-705530521107}"
EndProject
Project("{2150E333-8FDC-42A3-9474-1A3956D46DE8}") = "IntegrationTests", "IntegrationTests", "{02EA681E-C7D8-13C7-8484-4AC65E1B71E8}"
EndProject
Project("{FAE04EC0-301F-11D3-BF4B-00C04F79EFBC}") = "ThunderbirdsBoardGameEngine.GameData.Api.DataAccessTests", "ThunderbirdsBoardGameEngine.GameData.Api.DataAccessTests\ThunderbirdsBoardGameEngine.GameData.Api.DataAccessTests.csproj", "{8BF6D1B6-CE45-430E-9EB7-F22A1A47818E}"
EndProject
Project("{2150E333-8FDC-42A3-9474-1A3956D46DE8}") = "UnitTests", "UnitTests", "{D8475FB6-8FFD-4252-BF79-1BC0AF31A524}"
EndProject
Project("{FAE04EC0-301F-11D3-BF4B-00C04F79EFBC}") = "ThunderbirdsBoardGameEngine.GameData.Api.UnitTests", "ThunderbirdsBoardGameEngine.GameData.Api.UnitTests\ThunderbirdsBoardGameEngine.GameData.Api.UnitTests.csproj", "{F77F2925-BCBF-4AE2-8370-882CD12546C0}"
EndProject
Project("{FAE04EC0-301F-11D3-BF4B-00C04F79EFBC}") = "ThunderbirdsBoardGameEngine.GameData.Api.Messages", "ThunderbirdsBoardGameEngine.GameData.Api.Messages\ThunderbirdsBoardGameEngine.GameData.Api.Messages.csproj", "{27F9FC62-87EE-4854-B27B-61CABF2CAC22}"
EndProject
Project("{FAE04EC0-301F-11D3-BF4B-00C04F79EFBC}") = "ThunderbirdsBoardGameEngine.GameData.Api.Domain", "ThunderbirdsBoardGameEngine.GameData.Api.Domain\ThunderbirdsBoardGameEngine.GameData.Api.Domain.csproj", "{35873908-CE98-41B1-A3D3-12C041C441BD}"
EndProject
Project("{FAE04EC0-301F-11D3-BF4B-00C04F79EFBC}") = "ThunderbirdsBoardGameEngine.Serialization", "ThunderbirdsBoardGameEngine.Serialization\ThunderbirdsBoardGameEngine.Serialization.csproj", "{3B7EAE55-D91F-4317-8DFA-583F8208AA59}"
EndProject
Project("{FAE04EC0-301F-11D3-BF4B-00C04F79EFBC}") = "ThunderbirdsBoardGameEngine.Serialization.UnitTests", "ThunderbirdsBoardGameEngine.Serialization.UnitTests\ThunderbirdsBoardGameEngine.Serialization.UnitTests.csproj", "{9DE916CC-8E85-41B8-91BD-83739C65DAB4}"
EndProject
Project("{FAE04EC0-301F-11D3-BF4B-00C04F79EFBC}") = "ThunderbirdsBoardGameEngine.GameData.Importer", "ThunderbirdsBoardGameEngine.GameData.Importer\ThunderbirdsBoardGameEngine.GameData.Importer.csproj", "{DFA200D4-ECCC-4289-8080-D7296A109119}"
EndProject
Project("{FAE04EC0-301F-11D3-BF4B-00C04F79EFBC}") = "ThunderbirdsBoardGameEngine.GameData.Api.Domain.UnitTests", "ThunderbirdsBoardGameEngine.GameData.Api.Domain.UnitTests\ThunderbirdsBoardGameEngine.GameData.Api.Domain.UnitTests.csproj", "{BBEB7665-EF3E-4C3B-8027-D964BF4CB1D7}"
EndProject
Project("{FAE04EC0-301F-11D3-BF4B-00C04F79EFBC}") = "ThunderbirdsBoardGameEngine.GameData.Api.TestHelpers", "ThunderbirdsBoardGameEngine.GameData.Api.TestHelpers\ThunderbirdsBoardGameEngine.GameData.Api.TestHelpers.csproj", "{1E20A8D7-8E4D-48C9-A2CA-2AD2025A9563}"
EndProject
Project("{FAE04EC0-301F-11D3-BF4B-00C04F79EFBC}") = "ThunderbirdsBoardGameEngine.GameData.Api.IntegrationTests", "ThunderbirdsBoardGameEngine.GameData.Api.IntegrationTests\ThunderbirdsBoardGameEngine.GameData.Api.IntegrationTests.csproj", "{55BCE1CE-58B9-40AA-A8A0-287FAB2AEAA8}"
EndProject
Global
	GlobalSection(SolutionConfigurationPlatforms) = preSolution
		Debug|Any CPU = Debug|Any CPU
		Release|Any CPU = Release|Any CPU
	EndGlobalSection
	GlobalSection(ProjectConfigurationPlatforms) = postSolution
		{A76FE72B-9451-4690-9D4A-705530521107}.Debug|Any CPU.ActiveCfg = Debug|Any CPU
		{A76FE72B-9451-4690-9D4A-705530521107}.Debug|Any CPU.Build.0 = Debug|Any CPU
		{A76FE72B-9451-4690-9D4A-705530521107}.Release|Any CPU.ActiveCfg = Release|Any CPU
		{A76FE72B-9451-4690-9D4A-705530521107}.Release|Any CPU.Build.0 = Release|Any CPU
		{8BF6D1B6-CE45-430E-9EB7-F22A1A47818E}.Debug|Any CPU.ActiveCfg = Debug|Any CPU
		{8BF6D1B6-CE45-430E-9EB7-F22A1A47818E}.Debug|Any CPU.Build.0 = Debug|Any CPU
		{8BF6D1B6-CE45-430E-9EB7-F22A1A47818E}.Release|Any CPU.ActiveCfg = Release|Any CPU
		{8BF6D1B6-CE45-430E-9EB7-F22A1A47818E}.Release|Any CPU.Build.0 = Release|Any CPU
		{F77F2925-BCBF-4AE2-8370-882CD12546C0}.Debug|Any CPU.ActiveCfg = Debug|Any CPU
		{F77F2925-BCBF-4AE2-8370-882CD12546C0}.Debug|Any CPU.Build.0 = Debug|Any CPU
		{F77F2925-BCBF-4AE2-8370-882CD12546C0}.Release|Any CPU.ActiveCfg = Release|Any CPU
		{F77F2925-BCBF-4AE2-8370-882CD12546C0}.Release|Any CPU.Build.0 = Release|Any CPU
		{27F9FC62-87EE-4854-B27B-61CABF2CAC22}.Debug|Any CPU.ActiveCfg = Debug|Any CPU
		{27F9FC62-87EE-4854-B27B-61CABF2CAC22}.Debug|Any CPU.Build.0 = Debug|Any CPU
		{27F9FC62-87EE-4854-B27B-61CABF2CAC22}.Release|Any CPU.ActiveCfg = Release|Any CPU
		{27F9FC62-87EE-4854-B27B-61CABF2CAC22}.Release|Any CPU.Build.0 = Release|Any CPU
		{35873908-CE98-41B1-A3D3-12C041C441BD}.Debug|Any CPU.ActiveCfg = Debug|Any CPU
		{35873908-CE98-41B1-A3D3-12C041C441BD}.Debug|Any CPU.Build.0 = Debug|Any CPU
		{35873908-CE98-41B1-A3D3-12C041C441BD}.Release|Any CPU.ActiveCfg = Release|Any CPU
		{35873908-CE98-41B1-A3D3-12C041C441BD}.Release|Any CPU.Build.0 = Release|Any CPU
		{3B7EAE55-D91F-4317-8DFA-583F8208AA59}.Debug|Any CPU.ActiveCfg = Debug|Any CPU
		{3B7EAE55-D91F-4317-8DFA-583F8208AA59}.Debug|Any CPU.Build.0 = Debug|Any CPU
		{3B7EAE55-D91F-4317-8DFA-583F8208AA59}.Release|Any CPU.ActiveCfg = Release|Any CPU
		{3B7EAE55-D91F-4317-8DFA-583F8208AA59}.Release|Any CPU.Build.0 = Release|Any CPU
		{9DE916CC-8E85-41B8-91BD-83739C65DAB4}.Debug|Any CPU.ActiveCfg = Debug|Any CPU
		{9DE916CC-8E85-41B8-91BD-83739C65DAB4}.Debug|Any CPU.Build.0 = Debug|Any CPU
		{9DE916CC-8E85-41B8-91BD-83739C65DAB4}.Release|Any CPU.ActiveCfg = Release|Any CPU
		{9DE916CC-8E85-41B8-91BD-83739C65DAB4}.Release|Any CPU.Build.0 = Release|Any CPU
		{DFA200D4-ECCC-4289-8080-D7296A109119}.Debug|Any CPU.ActiveCfg = Debug|Any CPU
		{DFA200D4-ECCC-4289-8080-D7296A109119}.Debug|Any CPU.Build.0 = Debug|Any CPU
		{DFA200D4-ECCC-4289-8080-D7296A109119}.Release|Any CPU.ActiveCfg = Release|Any CPU
		{DFA200D4-ECCC-4289-8080-D7296A109119}.Release|Any CPU.Build.0 = Release|Any CPU
		{BBEB7665-EF3E-4C3B-8027-D964BF4CB1D7}.Debug|Any CPU.ActiveCfg = Debug|Any CPU
		{BBEB7665-EF3E-4C3B-8027-D964BF4CB1D7}.Debug|Any CPU.Build.0 = Debug|Any CPU
		{BBEB7665-EF3E-4C3B-8027-D964BF4CB1D7}.Release|Any CPU.ActiveCfg = Release|Any CPU
		{BBEB7665-EF3E-4C3B-8027-D964BF4CB1D7}.Release|Any CPU.Build.0 = Release|Any CPU
		{1E20A8D7-8E4D-48C9-A2CA-2AD2025A9563}.Debug|Any CPU.ActiveCfg = Debug|Any CPU
		{1E20A8D7-8E4D-48C9-A2CA-2AD2025A9563}.Debug|Any CPU.Build.0 = Debug|Any CPU
		{1E20A8D7-8E4D-48C9-A2CA-2AD2025A9563}.Release|Any CPU.ActiveCfg = Release|Any CPU
		{1E20A8D7-8E4D-48C9-A2CA-2AD2025A9563}.Release|Any CPU.Build.0 = Release|Any CPU
		{55BCE1CE-58B9-40AA-A8A0-287FAB2AEAA8}.Debug|Any CPU.ActiveCfg = Debug|Any CPU
		{55BCE1CE-58B9-40AA-A8A0-287FAB2AEAA8}.Debug|Any CPU.Build.0 = Debug|Any CPU
		{55BCE1CE-58B9-40AA-A8A0-287FAB2AEAA8}.Release|Any CPU.ActiveCfg = Release|Any CPU
		{55BCE1CE-58B9-40AA-A8A0-287FAB2AEAA8}.Release|Any CPU.Build.0 = Release|Any CPU
	EndGlobalSection
	GlobalSection(SolutionProperties) = preSolution
		HideSolutionNode = FALSE
	EndGlobalSection
	GlobalSection(NestedProjects) = preSolution
		{8BF6D1B6-CE45-430E-9EB7-F22A1A47818E} = {02EA681E-C7D8-13C7-8484-4AC65E1B71E8}
		{F77F2925-BCBF-4AE2-8370-882CD12546C0} = {D8475FB6-8FFD-4252-BF79-1BC0AF31A524}
		{9DE916CC-8E85-41B8-91BD-83739C65DAB4} = {D8475FB6-8FFD-4252-BF79-1BC0AF31A524}
		{BBEB7665-EF3E-4C3B-8027-D964BF4CB1D7} = {D8475FB6-8FFD-4252-BF79-1BC0AF31A524}
		{1E20A8D7-8E4D-48C9-A2CA-2AD2025A9563} = {D8475FB6-8FFD-4252-BF79-1BC0AF31A524}
		{55BCE1CE-58B9-40AA-A8A0-287FAB2AEAA8} = {02EA681E-C7D8-13C7-8484-4AC65E1B71E8}
	EndGlobalSection
	GlobalSection(ExtensibilityGlobals) = postSolution
		SolutionGuid = {92EB50C5-075F-4AF3-8107-0DC9EDBBAB83}
	EndGlobalSection
EndGlobal
