
Microsoft Visual Studio Solution File, Format Version 12.00
# Visual Studio Version 17
VisualStudioVersion = 17.14.36401.2 d17.14
MinimumVisualStudioVersion = 10.0.40219.1
Project("{FAE04EC0-301F-11D3-BF4B-00C04F79EFBC}") = "ThunderbirdsBoardGameEngine.GameData.Importer", "ThunderbirdsBoardGameEngine.GameData.Importer\ThunderbirdsBoardGameEngine.GameData.Importer.csproj", "{3D72F814-9812-C3E3-9098-0E66DA200B53}"
EndProject
Global
	GlobalSection(SolutionConfigurationPlatforms) = preSolution
		Debug|Any CPU = Debug|Any CPU
		Release|Any CPU = Release|Any CPU
	EndGlobalSection
	GlobalSection(ProjectConfigurationPlatforms) = postSolution
		{3D72F814-9812-C3E3-9098-0E66DA200B53}.Debug|Any CPU.ActiveCfg = Debug|Any CPU
		{3D72F814-9812-C3E3-9098-0E66DA200B53}.Debug|Any CPU.Build.0 = Debug|Any CPU
		{3D72F814-9812-C3E3-9098-0E66DA200B53}.Release|Any CPU.ActiveCfg = Release|Any CPU
		{3D72F814-9812-C3E3-9098-0E66DA200B53}.Release|Any CPU.Build.0 = Release|Any CPU
	EndGlobalSection
	GlobalSection(SolutionProperties) = preSolution
		HideSolutionNode = FALSE
	EndGlobalSection
	GlobalSection(ExtensibilityGlobals) = postSolution
		SolutionGuid = {8D0B1D56-37E7-41B6-9EF7-8B41D7A9B4F3}
	EndGlobalSection
EndGlobal
